Microsoft Visual Studio Solution File, Format Version 12.00
# Visual Studio Version 17
VisualStudioVersion = 17.0.31903.59
MinimumVisualStudioVersion = 10.0.40219.1
Project("{2150E333-8FDC-42A3-9474-1A3956D46DE8}") = "src", "src", "{FEED0001-0000-0000-0000-000000000001}"
EndProject
Project("{2150E333-8FDC-42A3-9474-1A3956D46DE8}") = "tests", "tests", "{FEED0001-0000-0000-0000-000000000002}"
EndProject
Project("{2150E333-8FDC-42A3-9474-1A3956D46DE8}") = "tools", "tools", "{FEED0001-0000-0000-0000-000000000003}"
EndProject
Project("{FAE04EC0-301F-11D3-BF4B-00C04F79EFBC}") = "Neo.L2.Abstractions", "src\Neo.L2.Abstractions\Neo.L2.Abstractions.csproj", "{A0001000-0000-0000-0000-000000000001}"
EndProject
Project("{FAE04EC0-301F-11D3-BF4B-00C04F79EFBC}") = "Neo.L2.Batch", "src\Neo.L2.Batch\Neo.L2.Batch.csproj", "{A0001000-0000-0000-0000-000000000002}"
EndProject
Project("{FAE04EC0-301F-11D3-BF4B-00C04F79EFBC}") = "Neo.L2.State", "src\Neo.L2.State\Neo.L2.State.csproj", "{A0001000-0000-0000-0000-000000000003}"
EndProject
Project("{FAE04EC0-301F-11D3-BF4B-00C04F79EFBC}") = "Neo.L2.Messaging", "src\Neo.L2.Messaging\Neo.L2.Messaging.csproj", "{A0001000-0000-0000-0000-000000000004}"
EndProject
Project("{FAE04EC0-301F-11D3-BF4B-00C04F79EFBC}") = "Neo.L2.Bridge", "src\Neo.L2.Bridge\Neo.L2.Bridge.csproj", "{A0001000-0000-0000-0000-000000000005}"
EndProject
Project("{FAE04EC0-301F-11D3-BF4B-00C04F79EFBC}") = "Neo.L2.Proving", "src\Neo.L2.Proving\Neo.L2.Proving.csproj", "{A0001000-0000-0000-0000-000000000006}"
EndProject
Project("{FAE04EC0-301F-11D3-BF4B-00C04F79EFBC}") = "Neo.L2.Executor", "src\Neo.L2.Executor\Neo.L2.Executor.csproj", "{A0001000-0000-0000-0000-000000000007}"
EndProject
Project("{FAE04EC0-301F-11D3-BF4B-00C04F79EFBC}") = "Neo.L2.Abstractions.UnitTests", "tests\Neo.L2.Abstractions.UnitTests\Neo.L2.Abstractions.UnitTests.csproj", "{A0002000-0000-0000-0000-000000000001}"
EndProject
Project("{FAE04EC0-301F-11D3-BF4B-00C04F79EFBC}") = "Neo.L2.Batch.UnitTests", "tests\Neo.L2.Batch.UnitTests\Neo.L2.Batch.UnitTests.csproj", "{A0002000-0000-0000-0000-000000000002}"
EndProject
Project("{FAE04EC0-301F-11D3-BF4B-00C04F79EFBC}") = "Neo.L2.State.UnitTests", "tests\Neo.L2.State.UnitTests\Neo.L2.State.UnitTests.csproj", "{A0002000-0000-0000-0000-000000000003}"
EndProject
Project("{FAE04EC0-301F-11D3-BF4B-00C04F79EFBC}") = "Neo.L2.Messaging.UnitTests", "tests\Neo.L2.Messaging.UnitTests\Neo.L2.Messaging.UnitTests.csproj", "{A0002000-0000-0000-0000-000000000004}"
EndProject
Project("{FAE04EC0-301F-11D3-BF4B-00C04F79EFBC}") = "Neo.L2.Bridge.UnitTests", "tests\Neo.L2.Bridge.UnitTests\Neo.L2.Bridge.UnitTests.csproj", "{A0002000-0000-0000-0000-000000000005}"
EndProject
Project("{FAE04EC0-301F-11D3-BF4B-00C04F79EFBC}") = "Neo.L2.Proving.UnitTests", "tests\Neo.L2.Proving.UnitTests\Neo.L2.Proving.UnitTests.csproj", "{A0002000-0000-0000-0000-000000000006}"
EndProject
Project("{FAE04EC0-301F-11D3-BF4B-00C04F79EFBC}") = "Neo.L2.Executor.UnitTests", "tests\Neo.L2.Executor.UnitTests\Neo.L2.Executor.UnitTests.csproj", "{A0002000-0000-0000-0000-000000000007}"
EndProject
Project("{FAE04EC0-301F-11D3-BF4B-00C04F79EFBC}") = "Neo.L2.IntegrationTests", "tests\Neo.L2.IntegrationTests\Neo.L2.IntegrationTests.csproj", "{A0002000-0000-0000-0000-000000000008}"
EndProject
Project("{FAE04EC0-301F-11D3-BF4B-00C04F79EFBC}") = "Neo.Plugins.L2Rpc", "src\Neo.Plugins.L2Rpc\Neo.Plugins.L2Rpc.csproj", "{A0001000-0000-0000-0000-000000000008}"
EndProject
Project("{FAE04EC0-301F-11D3-BF4B-00C04F79EFBC}") = "Neo.Plugins.L2Rpc.UnitTests", "tests\Neo.Plugins.L2Rpc.UnitTests\Neo.Plugins.L2Rpc.UnitTests.csproj", "{A0002000-0000-0000-0000-000000000009}"
EndProject
Project("{FAE04EC0-301F-11D3-BF4B-00C04F79EFBC}") = "Neo.Plugins.L2Gateway", "src\Neo.Plugins.L2Gateway\Neo.Plugins.L2Gateway.csproj", "{A0001000-0000-0000-0000-000000000009}"
EndProject
Project("{FAE04EC0-301F-11D3-BF4B-00C04F79EFBC}") = "Neo.Plugins.L2Gateway.UnitTests", "tests\Neo.Plugins.L2Gateway.UnitTests\Neo.Plugins.L2Gateway.UnitTests.csproj", "{A0002000-0000-0000-0000-00000000000A}"
EndProject
Project("{FAE04EC0-301F-11D3-BF4B-00C04F79EFBC}") = "Neo.L2.ForcedInclusion", "src\Neo.L2.ForcedInclusion\Neo.L2.ForcedInclusion.csproj", "{A0001000-0000-0000-0000-00000000000A}"
EndProject
Project("{FAE04EC0-301F-11D3-BF4B-00C04F79EFBC}") = "Neo.L2.ForcedInclusion.UnitTests", "tests\Neo.L2.ForcedInclusion.UnitTests\Neo.L2.ForcedInclusion.UnitTests.csproj", "{A0002000-0000-0000-0000-00000000000B}"
EndProject
Project("{FAE04EC0-301F-11D3-BF4B-00C04F79EFBC}") = "Neo.L2.Settlement.Rpc", "src\Neo.L2.Settlement.Rpc\Neo.L2.Settlement.Rpc.csproj", "{A0001000-0000-0000-0000-00000000000B}"
EndProject
Project("{FAE04EC0-301F-11D3-BF4B-00C04F79EFBC}") = "Neo.L2.Settlement.Rpc.UnitTests", "tests\Neo.L2.Settlement.Rpc.UnitTests\Neo.L2.Settlement.Rpc.UnitTests.csproj", "{A0002000-0000-0000-0000-00000000000C}"
EndProject
Project("{FAE04EC0-301F-11D3-BF4B-00C04F79EFBC}") = "Neo.Hub.Deploy", "tools\Neo.Hub.Deploy\Neo.Hub.Deploy.csproj", "{A0003000-0000-0000-0000-00000000000D}"
EndProject
Project("{FAE04EC0-301F-11D3-BF4B-00C04F79EFBC}") = "Neo.Hub.Deploy.UnitTests", "tests\Neo.Hub.Deploy.UnitTests\Neo.Hub.Deploy.UnitTests.csproj", "{A0002000-0000-0000-0000-00000000000D}"
EndProject
Project("{FAE04EC0-301F-11D3-BF4B-00C04F79EFBC}") = "Neo.L2.Proving.Sp1", "src\Neo.L2.Proving.Sp1\Neo.L2.Proving.Sp1.csproj", "{A0001000-0000-0000-0000-00000000000C}"
EndProject
Project("{FAE04EC0-301F-11D3-BF4B-00C04F79EFBC}") = "Neo.Plugins.L2DA", "src\Neo.Plugins.L2DA\Neo.Plugins.L2DA.csproj", "{A0001000-0000-0000-0000-00000000000D}"
EndProject
Project("{FAE04EC0-301F-11D3-BF4B-00C04F79EFBC}") = "Neo.L2.Sequencer", "src\Neo.L2.Sequencer\Neo.L2.Sequencer.csproj", "{A0001000-0000-0000-0000-00000000000E}"
EndProject
Project("{FAE04EC0-301F-11D3-BF4B-00C04F79EFBC}") = "Neo.L2.Sequencer.UnitTests", "tests\Neo.L2.Sequencer.UnitTests\Neo.L2.Sequencer.UnitTests.csproj", "{A0002000-0000-0000-0000-000000000010}"
EndProject
Project("{FAE04EC0-301F-11D3-BF4B-00C04F79EFBC}") = "Neo.L2.Censorship", "src\Neo.L2.Censorship\Neo.L2.Censorship.csproj", "{A0001000-0000-0000-0000-00000000000F}"
EndProject
Project("{FAE04EC0-301F-11D3-BF4B-00C04F79EFBC}") = "Neo.L2.Censorship.UnitTests", "tests\Neo.L2.Censorship.UnitTests\Neo.L2.Censorship.UnitTests.csproj", "{A0002000-0000-0000-0000-000000000011}"
EndProject
Project("{FAE04EC0-301F-11D3-BF4B-00C04F79EFBC}") = "Neo.Plugins.L2DA.UnitTests", "tests\Neo.Plugins.L2DA.UnitTests\Neo.Plugins.L2DA.UnitTests.csproj", "{A0002000-0000-0000-0000-00000000000F}"
EndProject
Project("{FAE04EC0-301F-11D3-BF4B-00C04F79EFBC}") = "Neo.L2.Proving.Sp1.UnitTests", "tests\Neo.L2.Proving.Sp1.UnitTests\Neo.L2.Proving.Sp1.UnitTests.csproj", "{A0002000-0000-0000-0000-00000000000E}"
EndProject
Global
	GlobalSection(SolutionConfigurationPlatforms) = preSolution
		Debug|Any CPU = Debug|Any CPU
		Release|Any CPU = Release|Any CPU
	EndGlobalSection
	GlobalSection(ProjectConfigurationPlatforms) = postSolution
		{A0001000-0000-0000-0000-000000000001}.Debug|Any CPU.ActiveCfg = Debug|Any CPU
		{A0001000-0000-0000-0000-000000000001}.Debug|Any CPU.Build.0 = Debug|Any CPU
		{A0001000-0000-0000-0000-000000000001}.Release|Any CPU.ActiveCfg = Release|Any CPU
		{A0001000-0000-0000-0000-000000000001}.Release|Any CPU.Build.0 = Release|Any CPU
		{A0001000-0000-0000-0000-000000000002}.Debug|Any CPU.ActiveCfg = Debug|Any CPU
		{A0001000-0000-0000-0000-000000000002}.Debug|Any CPU.Build.0 = Debug|Any CPU
		{A0001000-0000-0000-0000-000000000002}.Release|Any CPU.ActiveCfg = Release|Any CPU
		{A0001000-0000-0000-0000-000000000002}.Release|Any CPU.Build.0 = Release|Any CPU
		{A0001000-0000-0000-0000-000000000003}.Debug|Any CPU.ActiveCfg = Debug|Any CPU
		{A0001000-0000-0000-0000-000000000003}.Debug|Any CPU.Build.0 = Debug|Any CPU
		{A0001000-0000-0000-0000-000000000003}.Release|Any CPU.ActiveCfg = Release|Any CPU
		{A0001000-0000-0000-0000-000000000003}.Release|Any CPU.Build.0 = Release|Any CPU
		{A0001000-0000-0000-0000-000000000004}.Debug|Any CPU.ActiveCfg = Debug|Any CPU
		{A0001000-0000-0000-0000-000000000004}.Debug|Any CPU.Build.0 = Debug|Any CPU
		{A0001000-0000-0000-0000-000000000004}.Release|Any CPU.ActiveCfg = Release|Any CPU
		{A0001000-0000-0000-0000-000000000004}.Release|Any CPU.Build.0 = Release|Any CPU
		{A0001000-0000-0000-0000-000000000005}.Debug|Any CPU.ActiveCfg = Debug|Any CPU
		{A0001000-0000-0000-0000-000000000005}.Debug|Any CPU.Build.0 = Debug|Any CPU
		{A0001000-0000-0000-0000-000000000005}.Release|Any CPU.ActiveCfg = Release|Any CPU
		{A0001000-0000-0000-0000-000000000005}.Release|Any CPU.Build.0 = Release|Any CPU
		{A0001000-0000-0000-0000-000000000006}.Debug|Any CPU.ActiveCfg = Debug|Any CPU
		{A0001000-0000-0000-0000-000000000006}.Debug|Any CPU.Build.0 = Debug|Any CPU
		{A0001000-0000-0000-0000-000000000006}.Release|Any CPU.ActiveCfg = Release|Any CPU
		{A0001000-0000-0000-0000-000000000006}.Release|Any CPU.Build.0 = Release|Any CPU
		{A0001000-0000-0000-0000-000000000007}.Debug|Any CPU.ActiveCfg = Debug|Any CPU
		{A0001000-0000-0000-0000-000000000007}.Debug|Any CPU.Build.0 = Debug|Any CPU
		{A0001000-0000-0000-0000-000000000007}.Release|Any CPU.ActiveCfg = Release|Any CPU
		{A0001000-0000-0000-0000-000000000007}.Release|Any CPU.Build.0 = Release|Any CPU
		{A0002000-0000-0000-0000-000000000001}.Debug|Any CPU.ActiveCfg = Debug|Any CPU
		{A0002000-0000-0000-0000-000000000001}.Debug|Any CPU.Build.0 = Debug|Any CPU
		{A0002000-0000-0000-0000-000000000001}.Release|Any CPU.ActiveCfg = Release|Any CPU
		{A0002000-0000-0000-0000-000000000001}.Release|Any CPU.Build.0 = Release|Any CPU
		{A0002000-0000-0000-0000-000000000002}.Debug|Any CPU.ActiveCfg = Debug|Any CPU
		{A0002000-0000-0000-0000-000000000002}.Debug|Any CPU.Build.0 = Debug|Any CPU
		{A0002000-0000-0000-0000-000000000002}.Release|Any CPU.ActiveCfg = Release|Any CPU
		{A0002000-0000-0000-0000-000000000002}.Release|Any CPU.Build.0 = Release|Any CPU
		{A0002000-0000-0000-0000-000000000003}.Debug|Any CPU.ActiveCfg = Debug|Any CPU
		{A0002000-0000-0000-0000-000000000003}.Debug|Any CPU.Build.0 = Debug|Any CPU
		{A0002000-0000-0000-0000-000000000003}.Release|Any CPU.ActiveCfg = Release|Any CPU
		{A0002000-0000-0000-0000-000000000003}.Release|Any CPU.Build.0 = Release|Any CPU
		{A0002000-0000-0000-0000-000000000004}.Debug|Any CPU.ActiveCfg = Debug|Any CPU
		{A0002000-0000-0000-0000-000000000004}.Debug|Any CPU.Build.0 = Debug|Any CPU
		{A0002000-0000-0000-0000-000000000004}.Release|Any CPU.ActiveCfg = Release|Any CPU
		{A0002000-0000-0000-0000-000000000004}.Release|Any CPU.Build.0 = Release|Any CPU
		{A0002000-0000-0000-0000-000000000005}.Debug|Any CPU.ActiveCfg = Debug|Any CPU
		{A0002000-0000-0000-0000-000000000005}.Debug|Any CPU.Build.0 = Debug|Any CPU
		{A0002000-0000-0000-0000-000000000005}.Release|Any CPU.ActiveCfg = Release|Any CPU
		{A0002000-0000-0000-0000-000000000005}.Release|Any CPU.Build.0 = Release|Any CPU
		{A0002000-0000-0000-0000-000000000006}.Debug|Any CPU.ActiveCfg = Debug|Any CPU
		{A0002000-0000-0000-0000-000000000006}.Debug|Any CPU.Build.0 = Debug|Any CPU
		{A0002000-0000-0000-0000-000000000006}.Release|Any CPU.ActiveCfg = Release|Any CPU
		{A0002000-0000-0000-0000-000000000006}.Release|Any CPU.Build.0 = Release|Any CPU
		{A0002000-0000-0000-0000-000000000007}.Debug|Any CPU.ActiveCfg = Debug|Any CPU
		{A0002000-0000-0000-0000-000000000007}.Debug|Any CPU.Build.0 = Debug|Any CPU
		{A0002000-0000-0000-0000-000000000007}.Release|Any CPU.ActiveCfg = Release|Any CPU
		{A0002000-0000-0000-0000-000000000007}.Release|Any CPU.Build.0 = Release|Any CPU
		{A0002000-0000-0000-0000-000000000008}.Debug|Any CPU.ActiveCfg = Debug|Any CPU
		{A0002000-0000-0000-0000-000000000008}.Debug|Any CPU.Build.0 = Debug|Any CPU
		{A0002000-0000-0000-0000-000000000008}.Release|Any CPU.ActiveCfg = Release|Any CPU
		{A0002000-0000-0000-0000-000000000008}.Release|Any CPU.Build.0 = Release|Any CPU
		{A0001000-0000-0000-0000-000000000008}.Debug|Any CPU.ActiveCfg = Debug|Any CPU
		{A0001000-0000-0000-0000-000000000008}.Debug|Any CPU.Build.0 = Debug|Any CPU
		{A0001000-0000-0000-0000-000000000008}.Release|Any CPU.ActiveCfg = Release|Any CPU
		{A0001000-0000-0000-0000-000000000008}.Release|Any CPU.Build.0 = Release|Any CPU
		{A0002000-0000-0000-0000-000000000009}.Debug|Any CPU.ActiveCfg = Debug|Any CPU
		{A0002000-0000-0000-0000-000000000009}.Debug|Any CPU.Build.0 = Debug|Any CPU
		{A0002000-0000-0000-0000-000000000009}.Release|Any CPU.ActiveCfg = Release|Any CPU
		{A0002000-0000-0000-0000-000000000009}.Release|Any CPU.Build.0 = Release|Any CPU
		{A0001000-0000-0000-0000-000000000009}.Debug|Any CPU.ActiveCfg = Debug|Any CPU
		{A0001000-0000-0000-0000-000000000009}.Debug|Any CPU.Build.0 = Debug|Any CPU
		{A0001000-0000-0000-0000-000000000009}.Release|Any CPU.ActiveCfg = Release|Any CPU
		{A0001000-0000-0000-0000-000000000009}.Release|Any CPU.Build.0 = Release|Any CPU
		{A0002000-0000-0000-0000-00000000000A}.Debug|Any CPU.ActiveCfg = Debug|Any CPU
		{A0002000-0000-0000-0000-00000000000A}.Debug|Any CPU.Build.0 = Debug|Any CPU
		{A0002000-0000-0000-0000-00000000000A}.Release|Any CPU.ActiveCfg = Release|Any CPU
		{A0002000-0000-0000-0000-00000000000A}.Release|Any CPU.Build.0 = Release|Any CPU
		{A0001000-0000-0000-0000-00000000000A}.Debug|Any CPU.ActiveCfg = Debug|Any CPU
		{A0001000-0000-0000-0000-00000000000A}.Debug|Any CPU.Build.0 = Debug|Any CPU
		{A0001000-0000-0000-0000-00000000000A}.Release|Any CPU.ActiveCfg = Release|Any CPU
		{A0001000-0000-0000-0000-00000000000A}.Release|Any CPU.Build.0 = Release|Any CPU
		{A0002000-0000-0000-0000-00000000000B}.Debug|Any CPU.ActiveCfg = Debug|Any CPU
		{A0002000-0000-0000-0000-00000000000B}.Debug|Any CPU.Build.0 = Debug|Any CPU
		{A0002000-0000-0000-0000-00000000000B}.Release|Any CPU.ActiveCfg = Release|Any CPU
		{A0002000-0000-0000-0000-00000000000B}.Release|Any CPU.Build.0 = Release|Any CPU
		{A0001000-0000-0000-0000-00000000000B}.Debug|Any CPU.ActiveCfg = Debug|Any CPU
		{A0001000-0000-0000-0000-00000000000B}.Debug|Any CPU.Build.0 = Debug|Any CPU
		{A0001000-0000-0000-0000-00000000000B}.Release|Any CPU.ActiveCfg = Release|Any CPU
		{A0001000-0000-0000-0000-00000000000B}.Release|Any CPU.Build.0 = Release|Any CPU
		{A0002000-0000-0000-0000-00000000000C}.Debug|Any CPU.ActiveCfg = Debug|Any CPU
		{A0002000-0000-0000-0000-00000000000C}.Debug|Any CPU.Build.0 = Debug|Any CPU
		{A0002000-0000-0000-0000-00000000000C}.Release|Any CPU.ActiveCfg = Release|Any CPU
		{A0002000-0000-0000-0000-00000000000C}.Release|Any CPU.Build.0 = Release|Any CPU
		{A0003000-0000-0000-0000-00000000000D}.Debug|Any CPU.ActiveCfg = Debug|Any CPU
		{A0003000-0000-0000-0000-00000000000D}.Debug|Any CPU.Build.0 = Debug|Any CPU
		{A0003000-0000-0000-0000-00000000000D}.Release|Any CPU.ActiveCfg = Release|Any CPU
		{A0003000-0000-0000-0000-00000000000D}.Release|Any CPU.Build.0 = Release|Any CPU
		{A0002000-0000-0000-0000-00000000000D}.Debug|Any CPU.ActiveCfg = Debug|Any CPU
		{A0002000-0000-0000-0000-00000000000D}.Debug|Any CPU.Build.0 = Debug|Any CPU
		{A0002000-0000-0000-0000-00000000000D}.Release|Any CPU.ActiveCfg = Release|Any CPU
		{A0002000-0000-0000-0000-00000000000D}.Release|Any CPU.Build.0 = Release|Any CPU
		{A0001000-0000-0000-0000-00000000000C}.Debug|Any CPU.ActiveCfg = Debug|Any CPU
		{A0001000-0000-0000-0000-00000000000C}.Debug|Any CPU.Build.0 = Debug|Any CPU
		{A0001000-0000-0000-0000-00000000000C}.Release|Any CPU.ActiveCfg = Release|Any CPU
		{A0001000-0000-0000-0000-00000000000C}.Release|Any CPU.Build.0 = Release|Any CPU
		{A0002000-0000-0000-0000-00000000000E}.Debug|Any CPU.ActiveCfg = Debug|Any CPU
		{A0002000-0000-0000-0000-00000000000E}.Debug|Any CPU.Build.0 = Debug|Any CPU
		{A0002000-0000-0000-0000-00000000000E}.Release|Any CPU.ActiveCfg = Release|Any CPU
		{A0002000-0000-0000-0000-00000000000E}.Release|Any CPU.Build.0 = Release|Any CPU
		{A0001000-0000-0000-0000-00000000000D}.Debug|Any CPU.ActiveCfg = Debug|Any CPU
		{A0001000-0000-0000-0000-00000000000D}.Debug|Any CPU.Build.0 = Debug|Any CPU
		{A0001000-0000-0000-0000-00000000000D}.Release|Any CPU.ActiveCfg = Release|Any CPU
		{A0001000-0000-0000-0000-00000000000D}.Release|Any CPU.Build.0 = Release|Any CPU
		{A0002000-0000-0000-0000-00000000000F}.Debug|Any CPU.ActiveCfg = Debug|Any CPU
		{A0002000-0000-0000-0000-00000000000F}.Debug|Any CPU.Build.0 = Debug|Any CPU
		{A0002000-0000-0000-0000-00000000000F}.Release|Any CPU.ActiveCfg = Release|Any CPU
		{A0002000-0000-0000-0000-00000000000F}.Release|Any CPU.Build.0 = Release|Any CPU
		{A0001000-0000-0000-0000-00000000000E}.Debug|Any CPU.ActiveCfg = Debug|Any CPU
		{A0001000-0000-0000-0000-00000000000E}.Debug|Any CPU.Build.0 = Debug|Any CPU
		{A0001000-0000-0000-0000-00000000000E}.Release|Any CPU.ActiveCfg = Release|Any CPU
		{A0001000-0000-0000-0000-00000000000E}.Release|Any CPU.Build.0 = Release|Any CPU
		{A0002000-0000-0000-0000-000000000010}.Debug|Any CPU.ActiveCfg = Debug|Any CPU
		{A0002000-0000-0000-0000-000000000010}.Debug|Any CPU.Build.0 = Debug|Any CPU
		{A0002000-0000-0000-0000-000000000010}.Release|Any CPU.ActiveCfg = Release|Any CPU
		{A0002000-0000-0000-0000-000000000010}.Release|Any CPU.Build.0 = Release|Any CPU
		{A0001000-0000-0000-0000-00000000000F}.Debug|Any CPU.ActiveCfg = Debug|Any CPU
		{A0001000-0000-0000-0000-00000000000F}.Debug|Any CPU.Build.0 = Debug|Any CPU
		{A0001000-0000-0000-0000-00000000000F}.Release|Any CPU.ActiveCfg = Release|Any CPU
		{A0001000-0000-0000-0000-00000000000F}.Release|Any CPU.Build.0 = Release|Any CPU
		{A0002000-0000-0000-0000-000000000011}.Debug|Any CPU.ActiveCfg = Debug|Any CPU
		{A0002000-0000-0000-0000-000000000011}.Debug|Any CPU.Build.0 = Debug|Any CPU
		{A0002000-0000-0000-0000-000000000011}.Release|Any CPU.ActiveCfg = Release|Any CPU
		{A0002000-0000-0000-0000-000000000011}.Release|Any CPU.Build.0 = Release|Any CPU
	EndGlobalSection
	GlobalSection(SolutionProperties) = preSolution
		HideSolutionNode = FALSE
	EndGlobalSection
	GlobalSection(NestedProjects) = preSolution
		{A0001000-0000-0000-0000-000000000001} = {FEED0001-0000-0000-0000-000000000001}
		{A0001000-0000-0000-0000-000000000002} = {FEED0001-0000-0000-0000-000000000001}
		{A0001000-0000-0000-0000-000000000003} = {FEED0001-0000-0000-0000-000000000001}
		{A0001000-0000-0000-0000-000000000004} = {FEED0001-0000-0000-0000-000000000001}
		{A0001000-0000-0000-0000-000000000005} = {FEED0001-0000-0000-0000-000000000001}
		{A0001000-0000-0000-0000-000000000006} = {FEED0001-0000-0000-0000-000000000001}
		{A0001000-0000-0000-0000-000000000007} = {FEED0001-0000-0000-0000-000000000001}
		{A0002000-0000-0000-0000-000000000001} = {FEED0001-0000-0000-0000-000000000002}
		{A0002000-0000-0000-0000-000000000002} = {FEED0001-0000-0000-0000-000000000002}
		{A0002000-0000-0000-0000-000000000003} = {FEED0001-0000-0000-0000-000000000002}
		{A0002000-0000-0000-0000-000000000004} = {FEED0001-0000-0000-0000-000000000002}
		{A0002000-0000-0000-0000-000000000005} = {FEED0001-0000-0000-0000-000000000002}
		{A0002000-0000-0000-0000-000000000006} = {FEED0001-0000-0000-0000-000000000002}
		{A0002000-0000-0000-0000-000000000007} = {FEED0001-0000-0000-0000-000000000002}
		{A0002000-0000-0000-0000-000000000008} = {FEED0001-0000-0000-0000-000000000002}
		{A0001000-0000-0000-0000-000000000008} = {FEED0001-0000-0000-0000-000000000001}
		{A0002000-0000-0000-0000-000000000009} = {FEED0001-0000-0000-0000-000000000002}
		{A0001000-0000-0000-0000-000000000009} = {FEED0001-0000-0000-0000-000000000001}
		{A0002000-0000-0000-0000-00000000000A} = {FEED0001-0000-0000-0000-000000000002}
		{A0001000-0000-0000-0000-00000000000A} = {FEED0001-0000-0000-0000-000000000001}
		{A0002000-0000-0000-0000-00000000000B} = {FEED0001-0000-0000-0000-000000000002}
		{A0001000-0000-0000-0000-00000000000B} = {FEED0001-0000-0000-0000-000000000001}
		{A0002000-0000-0000-0000-00000000000C} = {FEED0001-0000-0000-0000-000000000002}
		{A0003000-0000-0000-0000-00000000000D} = {FEED0001-0000-0000-0000-000000000003}
		{A0002000-0000-0000-0000-00000000000D} = {FEED0001-0000-0000-0000-000000000002}
		{A0001000-0000-0000-0000-00000000000C} = {FEED0001-0000-0000-0000-000000000001}
		{A0002000-0000-0000-0000-00000000000E} = {FEED0001-0000-0000-0000-000000000002}
		{A0001000-0000-0000-0000-00000000000D} = {FEED0001-0000-0000-0000-000000000001}
		{A0002000-0000-0000-0000-00000000000F} = {FEED0001-0000-0000-0000-000000000002}
		{A0001000-0000-0000-0000-00000000000E} = {FEED0001-0000-0000-0000-000000000001}
		{A0002000-0000-0000-0000-000000000010} = {FEED0001-0000-0000-0000-000000000002}
		{A0001000-0000-0000-0000-00000000000F} = {FEED0001-0000-0000-0000-000000000001}
		{A0002000-0000-0000-0000-000000000011} = {FEED0001-0000-0000-0000-000000000002}
	EndGlobalSection
EndGlobal
