
Microsoft Visual Studio Solution File, Format Version 12.00
# Visual Studio Version 17
VisualStudioVersion = 17.0.31903.59
MinimumVisualStudioVersion = 10.0.40219.1
Project("{2150E333-8FDC-42A3-9474-1A3956D46DE8}") = "src", "src", "{FEED0001-0000-0000-0000-000000000001}"
EndProject
Project("{2150E333-8FDC-42A3-9474-1A3956D46DE8}") = "tests", "tests", "{FEED0001-0000-0000-0000-000000000002}"
EndProject
Project("{2150E333-8FDC-42A3-9474-1A3956D46DE8}") = "tools", "tools", "{FEED0001-0000-0000-0000-000000000003}"
EndProject
Project("{FAE04EC0-301F-11D3-BF4B-00C04F79EFBC}") = "Neo.L2.Abstractions", "src\Neo.L2.Abstractions\Neo.L2.Abstractions.csproj", "{A0001000-0000-0000-0000-000000000001}"
EndProject
Project("{FAE04EC0-301F-11D3-BF4B-00C04F79EFBC}") = "Neo.L2.Batch", "src\Neo.L2.Batch\Neo.L2.Batch.csproj", "{A0001000-0000-0000-0000-000000000002}"
EndProject
Project("{FAE04EC0-301F-11D3-BF4B-00C04F79EFBC}") = "Neo.L2.State", "src\Neo.L2.State\Neo.L2.State.csproj", "{A0001000-0000-0000-0000-000000000003}"
EndProject
Project("{FAE04EC0-301F-11D3-BF4B-00C04F79EFBC}") = "Neo.L2.Messaging", "src\Neo.L2.Messaging\Neo.L2.Messaging.csproj", "{A0001000-0000-0000-0000-000000000004}"
EndProject
Project("{FAE04EC0-301F-11D3-BF4B-00C04F79EFBC}") = "Neo.L2.Bridge", "src\Neo.L2.Bridge\Neo.L2.Bridge.csproj", "{A0001000-0000-0000-0000-000000000005}"
EndProject
Project("{FAE04EC0-301F-11D3-BF4B-00C04F79EFBC}") = "Neo.L2.Proving", "src\Neo.L2.Proving\Neo.L2.Proving.csproj", "{A0001000-0000-0000-0000-000000000006}"
EndProject
Project("{FAE04EC0-301F-11D3-BF4B-00C04F79EFBC}") = "Neo.L2.Executor", "src\Neo.L2.Executor\Neo.L2.Executor.csproj", "{A0001000-0000-0000-0000-000000000007}"
EndProject
Project("{FAE04EC0-301F-11D3-BF4B-00C04F79EFBC}") = "Neo.L2.Abstractions.UnitTests", "tests\Neo.L2.Abstractions.UnitTests\Neo.L2.Abstractions.UnitTests.csproj", "{A0002000-0000-0000-0000-000000000001}"
EndProject
Project("{FAE04EC0-301F-11D3-BF4B-00C04F79EFBC}") = "Neo.L2.Batch.UnitTests", "tests\Neo.L2.Batch.UnitTests\Neo.L2.Batch.UnitTests.csproj", "{A0002000-0000-0000-0000-000000000002}"
EndProject
Project("{FAE04EC0-301F-11D3-BF4B-00C04F79EFBC}") = "Neo.L2.State.UnitTests", "tests\Neo.L2.State.UnitTests\Neo.L2.State.UnitTests.csproj", "{A0002000-0000-0000-0000-000000000003}"
EndProject
Project("{FAE04EC0-301F-11D3-BF4B-00C04F79EFBC}") = "Neo.L2.Messaging.UnitTests", "tests\Neo.L2.Messaging.UnitTests\Neo.L2.Messaging.UnitTests.csproj", "{A0002000-0000-0000-0000-000000000004}"
EndProject
Project("{FAE04EC0-301F-11D3-BF4B-00C04F79EFBC}") = "Neo.L2.Bridge.UnitTests", "tests\Neo.L2.Bridge.UnitTests\Neo.L2.Bridge.UnitTests.csproj", "{A0002000-0000-0000-0000-000000000005}"
EndProject
Project("{FAE04EC0-301F-11D3-BF4B-00C04F79EFBC}") = "Neo.L2.Proving.UnitTests", "tests\Neo.L2.Proving.UnitTests\Neo.L2.Proving.UnitTests.csproj", "{A0002000-0000-0000-0000-000000000006}"
EndProject
Project("{FAE04EC0-301F-11D3-BF4B-00C04F79EFBC}") = "Neo.L2.Executor.UnitTests", "tests\Neo.L2.Executor.UnitTests\Neo.L2.Executor.UnitTests.csproj", "{A0002000-0000-0000-0000-000000000007}"
EndProject
Project("{FAE04EC0-301F-11D3-BF4B-00C04F79EFBC}") = "Neo.L2.IntegrationTests", "tests\Neo.L2.IntegrationTests\Neo.L2.IntegrationTests.csproj", "{A0002000-0000-0000-0000-000000000008}"
EndProject
Project("{FAE04EC0-301F-11D3-BF4B-00C04F79EFBC}") = "Neo.Plugins.L2Rpc", "src\Neo.Plugins.L2Rpc\Neo.Plugins.L2Rpc.csproj", "{A0001000-0000-0000-0000-000000000008}"
EndProject
Project("{FAE04EC0-301F-11D3-BF4B-00C04F79EFBC}") = "Neo.Plugins.L2Rpc.UnitTests", "tests\Neo.Plugins.L2Rpc.UnitTests\Neo.Plugins.L2Rpc.UnitTests.csproj", "{A0002000-0000-0000-0000-000000000009}"
EndProject
Project("{FAE04EC0-301F-11D3-BF4B-00C04F79EFBC}") = "Neo.Plugins.L2Gateway", "src\Neo.Plugins.L2Gateway\Neo.Plugins.L2Gateway.csproj", "{A0001000-0000-0000-0000-000000000009}"
EndProject
Project("{FAE04EC0-301F-11D3-BF4B-00C04F79EFBC}") = "Neo.Plugins.L2Gateway.UnitTests", "tests\Neo.Plugins.L2Gateway.UnitTests\Neo.Plugins.L2Gateway.UnitTests.csproj", "{A0002000-0000-0000-0000-00000000000A}"
EndProject
Project("{FAE04EC0-301F-11D3-BF4B-00C04F79EFBC}") = "Neo.L2.ForcedInclusion", "src\Neo.L2.ForcedInclusion\Neo.L2.ForcedInclusion.csproj", "{A0001000-0000-0000-0000-00000000000A}"
EndProject
Project("{FAE04EC0-301F-11D3-BF4B-00C04F79EFBC}") = "Neo.L2.ForcedInclusion.UnitTests", "tests\Neo.L2.ForcedInclusion.UnitTests\Neo.L2.ForcedInclusion.UnitTests.csproj", "{A0002000-0000-0000-0000-00000000000B}"
EndProject
Project("{FAE04EC0-301F-11D3-BF4B-00C04F79EFBC}") = "Neo.L2.Settlement.Rpc", "src\Neo.L2.Settlement.Rpc\Neo.L2.Settlement.Rpc.csproj", "{A0001000-0000-0000-0000-00000000000B}"
EndProject
Project("{FAE04EC0-301F-11D3-BF4B-00C04F79EFBC}") = "Neo.L2.Settlement.Rpc.UnitTests", "tests\Neo.L2.Settlement.Rpc.UnitTests\Neo.L2.Settlement.Rpc.UnitTests.csproj", "{A0002000-0000-0000-0000-00000000000C}"
EndProject
Project("{FAE04EC0-301F-11D3-BF4B-00C04F79EFBC}") = "Neo.Hub.Deploy", "tools\Neo.Hub.Deploy\Neo.Hub.Deploy.csproj", "{A0003000-0000-0000-0000-00000000000D}"
EndProject
Project("{FAE04EC0-301F-11D3-BF4B-00C04F79EFBC}") = "Neo.Hub.Deploy.UnitTests", "tests\Neo.Hub.Deploy.UnitTests\Neo.Hub.Deploy.UnitTests.csproj", "{A0002000-0000-0000-0000-00000000000D}"
EndProject
Project("{FAE04EC0-301F-11D3-BF4B-00C04F79EFBC}") = "Neo.Plugins.L2DA", "src\Neo.Plugins.L2DA\Neo.Plugins.L2DA.csproj", "{A0001000-0000-0000-0000-00000000000D}"
EndProject
Project("{FAE04EC0-301F-11D3-BF4B-00C04F79EFBC}") = "Neo.L2.Sequencer", "src\Neo.L2.Sequencer\Neo.L2.Sequencer.csproj", "{A0001000-0000-0000-0000-00000000000E}"
EndProject
Project("{FAE04EC0-301F-11D3-BF4B-00C04F79EFBC}") = "Neo.L2.Sequencer.UnitTests", "tests\Neo.L2.Sequencer.UnitTests\Neo.L2.Sequencer.UnitTests.csproj", "{A0002000-0000-0000-0000-000000000010}"
EndProject
Project("{FAE04EC0-301F-11D3-BF4B-00C04F79EFBC}") = "Neo.L2.Censorship", "src\Neo.L2.Censorship\Neo.L2.Censorship.csproj", "{A0001000-0000-0000-0000-00000000000F}"
EndProject
Project("{FAE04EC0-301F-11D3-BF4B-00C04F79EFBC}") = "Neo.L2.Censorship.UnitTests", "tests\Neo.L2.Censorship.UnitTests\Neo.L2.Censorship.UnitTests.csproj", "{A0002000-0000-0000-0000-000000000011}"
EndProject
Project("{FAE04EC0-301F-11D3-BF4B-00C04F79EFBC}") = "Neo.L2.Challenge", "src\Neo.L2.Challenge\Neo.L2.Challenge.csproj", "{A0001000-0000-0000-0000-000000000010}"
EndProject
Project("{FAE04EC0-301F-11D3-BF4B-00C04F79EFBC}") = "Neo.L2.Challenge.UnitTests", "tests\Neo.L2.Challenge.UnitTests\Neo.L2.Challenge.UnitTests.csproj", "{A0002000-0000-0000-0000-000000000012}"
EndProject
Project("{FAE04EC0-301F-11D3-BF4B-00C04F79EFBC}") = "Neo.L2.Audit", "src\Neo.L2.Audit\Neo.L2.Audit.csproj", "{A0001000-0000-0000-0000-000000000011}"
EndProject
Project("{FAE04EC0-301F-11D3-BF4B-00C04F79EFBC}") = "Neo.L2.Audit.UnitTests", "tests\Neo.L2.Audit.UnitTests\Neo.L2.Audit.UnitTests.csproj", "{A0002000-0000-0000-0000-000000000013}"
EndProject
Project("{FAE04EC0-301F-11D3-BF4B-00C04F79EFBC}") = "Neo.L2.Telemetry", "src\Neo.L2.Telemetry\Neo.L2.Telemetry.csproj", "{A0001000-0000-0000-0000-000000000012}"
EndProject
Project("{FAE04EC0-301F-11D3-BF4B-00C04F79EFBC}") = "Neo.L2.Telemetry.UnitTests", "tests\Neo.L2.Telemetry.UnitTests\Neo.L2.Telemetry.UnitTests.csproj", "{A0002000-0000-0000-0000-000000000014}"
EndProject
Project("{FAE04EC0-301F-11D3-BF4B-00C04F79EFBC}") = "Neo.Plugins.L2DA.UnitTests", "tests\Neo.Plugins.L2DA.UnitTests\Neo.Plugins.L2DA.UnitTests.csproj", "{A0002000-0000-0000-0000-00000000000F}"
EndProject
Project("{FAE04EC0-301F-11D3-BF4B-00C04F79EFBC}") = "Neo.Plugins.L2Settlement.UnitTests", "tests\Neo.Plugins.L2Settlement.UnitTests\Neo.Plugins.L2Settlement.UnitTests.csproj", "{E568DB27-A3E8-4164-88FA-991FD63EEFEF}"
EndProject
Project("{FAE04EC0-301F-11D3-BF4B-00C04F79EFBC}") = "Neo.Plugins.L2Settlement", "src\Neo.Plugins.L2Settlement\Neo.Plugins.L2Settlement.csproj", "{FC9A41CA-3221-4D94-A627-27A0FD248E10}"
EndProject
Project("{FAE04EC0-301F-11D3-BF4B-00C04F79EFBC}") = "Neo", "external\neo\src\Neo\Neo.csproj", "{07FD4D68-7C54-4D28-A407-55A0048C6922}"
EndProject
Project("{FAE04EC0-301F-11D3-BF4B-00C04F79EFBC}") = "Neo.Extensions", "external\neo\src\Neo.Extensions\Neo.Extensions.csproj", "{95553B2F-E405-49ED-88EC-F28A5763C5D4}"
EndProject
Project("{FAE04EC0-301F-11D3-BF4B-00C04F79EFBC}") = "Neo.IO", "external\neo\src\Neo.IO\Neo.IO.csproj", "{547A60A4-13CD-452B-AE4B-AE29FDE52144}"
EndProject
Project("{FAE04EC0-301F-11D3-BF4B-00C04F79EFBC}") = "Neo.Json", "external\neo\src\Neo.Json\Neo.Json.csproj", "{903858AD-DA7E-478A-9BA0-BEB2A721CF72}"
EndProject
Project("{FAE04EC0-301F-11D3-BF4B-00C04F79EFBC}") = "Neo.Plugins.L2Batch", "src\Neo.Plugins.L2Batch\Neo.Plugins.L2Batch.csproj", "{282F37B4-3938-49DF-B34D-DF40CD423570}"
EndProject
Project("{FAE04EC0-301F-11D3-BF4B-00C04F79EFBC}") = "Neo.Plugins.L2Batch.UnitTests", "tests\Neo.Plugins.L2Batch.UnitTests\Neo.Plugins.L2Batch.UnitTests.csproj", "{0C78DF1C-DC74-49A5-A350-FC9ECB18599B}"
EndProject
Project("{FAE04EC0-301F-11D3-BF4B-00C04F79EFBC}") = "Neo.Plugins.L2Metrics.UnitTests", "tests\Neo.Plugins.L2Metrics.UnitTests\Neo.Plugins.L2Metrics.UnitTests.csproj", "{E12CC2B8-6BCF-4128-9E6A-B5580962BC54}"
EndProject
Project("{FAE04EC0-301F-11D3-BF4B-00C04F79EFBC}") = "Neo.Plugins.L2Metrics", "src\Neo.Plugins.L2Metrics\Neo.Plugins.L2Metrics.csproj", "{21827305-9461-45C5-88C7-73098C5DD93F}"
EndProject
Project("{FAE04EC0-301F-11D3-BF4B-00C04F79EFBC}") = "Neo.Plugins.L2Bridge.UnitTests", "tests\Neo.Plugins.L2Bridge.UnitTests\Neo.Plugins.L2Bridge.UnitTests.csproj", "{3787F063-1BEF-4C52-A3AF-C66CFCF18A90}"
EndProject
Project("{FAE04EC0-301F-11D3-BF4B-00C04F79EFBC}") = "Neo.Plugins.L2Bridge", "src\Neo.Plugins.L2Bridge\Neo.Plugins.L2Bridge.csproj", "{80D1BD29-DF13-4073-914E-CF4341FC70E6}"
EndProject
Project("{FAE04EC0-301F-11D3-BF4B-00C04F79EFBC}") = "Neo.Plugins.L2Prover.UnitTests", "tests\Neo.Plugins.L2Prover.UnitTests\Neo.Plugins.L2Prover.UnitTests.csproj", "{263B1925-0525-43BF-9147-E78262637102}"
EndProject
Project("{FAE04EC0-301F-11D3-BF4B-00C04F79EFBC}") = "Neo.Plugins.L2Prover", "src\Neo.Plugins.L2Prover\Neo.Plugins.L2Prover.csproj", "{8EA9DFD1-D6E7-4D65-803C-DB66453CD02C}"
EndProject
Project("{FAE04EC0-301F-11D3-BF4B-00C04F79EFBC}") = "Neo.L2.Persistence", "src\Neo.L2.Persistence\Neo.L2.Persistence.csproj", "{7A7857DC-1736-44C6-8CC8-F763239168F6}"
EndProject
Project("{FAE04EC0-301F-11D3-BF4B-00C04F79EFBC}") = "Neo.L2.Persistence.UnitTests", "tests\Neo.L2.Persistence.UnitTests\Neo.L2.Persistence.UnitTests.csproj", "{C157E288-026A-40F3-B786-38068114BE13}"
EndProject
Project("{FAE04EC0-301F-11D3-BF4B-00C04F79EFBC}") = "Neo.L2.Executor.RiscV", "src\Neo.L2.Executor.RiscV\Neo.L2.Executor.RiscV.csproj", "{E2A0EC27-B0C1-4653-B620-A09FC265EDB7}"
EndProject
Project("{FAE04EC0-301F-11D3-BF4B-00C04F79EFBC}") = "Neo.L2.Executor.RiscV.UnitTests", "tests\Neo.L2.Executor.RiscV.UnitTests\Neo.L2.Executor.RiscV.UnitTests.csproj", "{17225A73-1F3B-498C-948B-519337F5C001}"
EndProject
Project("{2150E333-8FDC-42A3-9474-1A3956D46DE8}") = "samples", "samples", "{5D20AA90-6969-D8BD-9DCD-8634F4692FDA}"
EndProject
Project("{2150E333-8FDC-42A3-9474-1A3956D46DE8}") = "executors", "executors", "{684A65F9-972D-D4D9-DE31-5587C49DACBD}"
EndProject
Project("{FAE04EC0-301F-11D3-BF4B-00C04F79EFBC}") = "Sample.CounterChainExecutor", "samples\executors\Sample.CounterChainExecutor\Sample.CounterChainExecutor.csproj", "{384251DC-9AD0-4DC4-8AFD-8C5B405667AB}"
EndProject
Project("{FAE04EC0-301F-11D3-BF4B-00C04F79EFBC}") = "Sample.CounterChainExecutor.UnitTests", "tests\Sample.CounterChainExecutor.UnitTests\Sample.CounterChainExecutor.UnitTests.csproj", "{75511A26-6130-4DD6-B6F8-A628700BB6D1}"
EndProject
Project("{FAE04EC0-301F-11D3-BF4B-00C04F79EFBC}") = "Neo.Stack.Cli.UnitTests", "tests\Neo.Stack.Cli.UnitTests\Neo.Stack.Cli.UnitTests.csproj", "{A0536EDB-673F-4BA9-9338-591B9251C9C2}"
EndProject
Project("{FAE04EC0-301F-11D3-BF4B-00C04F79EFBC}") = "Neo.Stack.Cli", "tools\Neo.Stack.Cli\Neo.Stack.Cli.csproj", "{1096C3A9-5D61-43DD-AB95-075CD2B478CF}"
EndProject
Project("{FAE04EC0-301F-11D3-BF4B-00C04F79EFBC}") = "Neo.L2.Devnet.UnitTests", "tests\Neo.L2.Devnet.UnitTests\Neo.L2.Devnet.UnitTests.csproj", "{CD2386DD-C59A-45CA-BEE8-CDC58CF2DFDD}"
EndProject
Project("{FAE04EC0-301F-11D3-BF4B-00C04F79EFBC}") = "Neo.L2.Devnet", "tools\Neo.L2.Devnet\Neo.L2.Devnet.csproj", "{7085395F-3E35-4935-8BEC-A22E34975A46}"
EndProject
Project("{FAE04EC0-301F-11D3-BF4B-00C04F79EFBC}") = "Neo.L2.Sdk", "src\Neo.L2.Sdk\Neo.L2.Sdk.csproj", "{64A3DC6D-D98B-460D-9096-303D4856AACD}"
EndProject
Project("{FAE04EC0-301F-11D3-BF4B-00C04F79EFBC}") = "Neo.L2.Sdk.UnitTests", "tests\Neo.L2.Sdk.UnitTests\Neo.L2.Sdk.UnitTests.csproj", "{0908A96C-2FC0-4F13-8AFB-A4698036E2EB}"
EndProject
Project("{FAE04EC0-301F-11D3-BF4B-00C04F79EFBC}") = "Neo.L2.Explore", "tools\Neo.L2.Explore\Neo.L2.Explore.csproj", "{7D7D588E-1BF4-49AC-A51E-E6C01C98995E}"
EndProject
Project("{FAE04EC0-301F-11D3-BF4B-00C04F79EFBC}") = "Neo.L2.Explore.UnitTests", "tests\Neo.L2.Explore.UnitTests\Neo.L2.Explore.UnitTests.csproj", "{03B873A4-2A30-4846-B390-60A197B0E1AD}"
EndProject
Project("{FAE04EC0-301F-11D3-BF4B-00C04F79EFBC}") = "Neo.L2.Bridge.Cli", "tools\Neo.L2.Bridge.Cli\Neo.L2.Bridge.Cli.csproj", "{4AB8581C-6C43-4A56-87E4-12E8C4E0E38F}"
EndProject
Project("{FAE04EC0-301F-11D3-BF4B-00C04F79EFBC}") = "Neo.L2.Bridge.Cli.UnitTests", "tests\Neo.L2.Bridge.Cli.UnitTests\Neo.L2.Bridge.Cli.UnitTests.csproj", "{EACF15A5-B098-48ED-9E20-C9C213FE701A}"
EndProject
Project("{FAE04EC0-301F-11D3-BF4B-00C04F79EFBC}") = "Neo.L2.Faucet.Cli", "tools\Neo.L2.Faucet.Cli\Neo.L2.Faucet.Cli.csproj", "{59E40B82-88DA-422F-8A98-B50B88BE5CA6}"
EndProject
Project("{FAE04EC0-301F-11D3-BF4B-00C04F79EFBC}") = "Neo.L2.Faucet.Cli.UnitTests", "tests\Neo.L2.Faucet.Cli.UnitTests\Neo.L2.Faucet.Cli.UnitTests.csproj", "{BDE3E1C1-34D5-40A9-8E8D-1A20B97682D8}"
EndProject
Project("{2150E333-8FDC-42A3-9474-1A3956D46DE8}") = "contracts", "contracts", "{A73F2606-6D4C-3EEE-1759-0E59DCFEF523}"
EndProject
Project("{FAE04EC0-301F-11D3-BF4B-00C04F79EFBC}") = "NeoHub.ExternalBridgeRegistry", "contracts\NeoHub.ExternalBridgeRegistry\NeoHub.ExternalBridgeRegistry.csproj", "{E37ACCAA-322C-4B41-A119-1623C762C0D0}"
EndProject
Project("{FAE04EC0-301F-11D3-BF4B-00C04F79EFBC}") = "NeoHub.ExternalBridgeStubVerifier", "contracts\NeoHub.ExternalBridgeStubVerifier\NeoHub.ExternalBridgeStubVerifier.csproj", "{7278AC7F-4F2A-43D4-9074-82D31651D1C7}"
EndProject
Project("{FAE04EC0-301F-11D3-BF4B-00C04F79EFBC}") = "NeoHub.MpcCommitteeVerifier", "contracts\NeoHub.MpcCommitteeVerifier\NeoHub.MpcCommitteeVerifier.csproj", "{741084FD-A6AD-4F28-8980-F1F8889493A1}"
EndProject
Project("{FAE04EC0-301F-11D3-BF4B-00C04F79EFBC}") = "NeoHub.ExternalBridgeEscrow", "contracts\NeoHub.ExternalBridgeEscrow\NeoHub.ExternalBridgeEscrow.csproj", "{8F464A14-1931-46D8-9324-254822EF3089}"
EndProject
Project("{FAE04EC0-301F-11D3-BF4B-00C04F79EFBC}") = "L2Native.ExternalBridgeContract", "contracts\L2Native.ExternalBridgeContract\L2Native.ExternalBridgeContract.csproj", "{D5ADDE66-55CB-482C-8DAE-FC99E8BF80ED}"
EndProject
Project("{FAE04EC0-301F-11D3-BF4B-00C04F79EFBC}") = "NeoHub.ExternalBridgeBond", "contracts\NeoHub.ExternalBridgeBond\NeoHub.ExternalBridgeBond.csproj", "{999FC984-C349-481E-B5E2-8760D57F43D2}"
EndProject
Project("{FAE04EC0-301F-11D3-BF4B-00C04F79EFBC}") = "Neo.External.Bridge.Cli", "tools\Neo.External.Bridge.Cli\Neo.External.Bridge.Cli.csproj", "{8899245E-8A6E-4619-B3CF-CFEDEC6D86A5}"
EndProject
Project("{FAE04EC0-301F-11D3-BF4B-00C04F79EFBC}") = "NeoHub.MpcCommitteeFraudVerifier", "contracts\NeoHub.MpcCommitteeFraudVerifier\NeoHub.MpcCommitteeFraudVerifier.csproj", "{27EA8C1E-FC08-4582-BFB9-B746E680B260}"
EndProject
Global
	GlobalSection(SolutionConfigurationPlatforms) = preSolution
		Debug|Any CPU = Debug|Any CPU
		Debug|x64 = Debug|x64
		Debug|x86 = Debug|x86
		Release|Any CPU = Release|Any CPU
		Release|x64 = Release|x64
		Release|x86 = Release|x86
	EndGlobalSection
	GlobalSection(ProjectConfigurationPlatforms) = postSolution
		{A0001000-0000-0000-0000-000000000001}.Debug|Any CPU.ActiveCfg = Debug|Any CPU
		{A0001000-0000-0000-0000-000000000001}.Debug|Any CPU.Build.0 = Debug|Any CPU
		{A0001000-0000-0000-0000-000000000001}.Debug|x64.ActiveCfg = Debug|Any CPU
		{A0001000-0000-0000-0000-000000000001}.Debug|x64.Build.0 = Debug|Any CPU
		{A0001000-0000-0000-0000-000000000001}.Debug|x86.ActiveCfg = Debug|Any CPU
		{A0001000-0000-0000-0000-000000000001}.Debug|x86.Build.0 = Debug|Any CPU
		{A0001000-0000-0000-0000-000000000001}.Release|Any CPU.ActiveCfg = Release|Any CPU
		{A0001000-0000-0000-0000-000000000001}.Release|Any CPU.Build.0 = Release|Any CPU
		{A0001000-0000-0000-0000-000000000001}.Release|x64.ActiveCfg = Release|Any CPU
		{A0001000-0000-0000-0000-000000000001}.Release|x64.Build.0 = Release|Any CPU
		{A0001000-0000-0000-0000-000000000001}.Release|x86.ActiveCfg = Release|Any CPU
		{A0001000-0000-0000-0000-000000000001}.Release|x86.Build.0 = Release|Any CPU
		{A0001000-0000-0000-0000-000000000002}.Debug|Any CPU.ActiveCfg = Debug|Any CPU
		{A0001000-0000-0000-0000-000000000002}.Debug|Any CPU.Build.0 = Debug|Any CPU
		{A0001000-0000-0000-0000-000000000002}.Debug|x64.ActiveCfg = Debug|Any CPU
		{A0001000-0000-0000-0000-000000000002}.Debug|x64.Build.0 = Debug|Any CPU
		{A0001000-0000-0000-0000-000000000002}.Debug|x86.ActiveCfg = Debug|Any CPU
		{A0001000-0000-0000-0000-000000000002}.Debug|x86.Build.0 = Debug|Any CPU
		{A0001000-0000-0000-0000-000000000002}.Release|Any CPU.ActiveCfg = Release|Any CPU
		{A0001000-0000-0000-0000-000000000002}.Release|Any CPU.Build.0 = Release|Any CPU
		{A0001000-0000-0000-0000-000000000002}.Release|x64.ActiveCfg = Release|Any CPU
		{A0001000-0000-0000-0000-000000000002}.Release|x64.Build.0 = Release|Any CPU
		{A0001000-0000-0000-0000-000000000002}.Release|x86.ActiveCfg = Release|Any CPU
		{A0001000-0000-0000-0000-000000000002}.Release|x86.Build.0 = Release|Any CPU
		{A0001000-0000-0000-0000-000000000003}.Debug|Any CPU.ActiveCfg = Debug|Any CPU
		{A0001000-0000-0000-0000-000000000003}.Debug|Any CPU.Build.0 = Debug|Any CPU
		{A0001000-0000-0000-0000-000000000003}.Debug|x64.ActiveCfg = Debug|Any CPU
		{A0001000-0000-0000-0000-000000000003}.Debug|x64.Build.0 = Debug|Any CPU
		{A0001000-0000-0000-0000-000000000003}.Debug|x86.ActiveCfg = Debug|Any CPU
		{A0001000-0000-0000-0000-000000000003}.Debug|x86.Build.0 = Debug|Any CPU
		{A0001000-0000-0000-0000-000000000003}.Release|Any CPU.ActiveCfg = Release|Any CPU
		{A0001000-0000-0000-0000-000000000003}.Release|Any CPU.Build.0 = Release|Any CPU
		{A0001000-0000-0000-0000-000000000003}.Release|x64.ActiveCfg = Release|Any CPU
		{A0001000-0000-0000-0000-000000000003}.Release|x64.Build.0 = Release|Any CPU
		{A0001000-0000-0000-0000-000000000003}.Release|x86.ActiveCfg = Release|Any CPU
		{A0001000-0000-0000-0000-000000000003}.Release|x86.Build.0 = Release|Any CPU
		{A0001000-0000-0000-0000-000000000004}.Debug|Any CPU.ActiveCfg = Debug|Any CPU
		{A0001000-0000-0000-0000-000000000004}.Debug|Any CPU.Build.0 = Debug|Any CPU
		{A0001000-0000-0000-0000-000000000004}.Debug|x64.ActiveCfg = Debug|Any CPU
		{A0001000-0000-0000-0000-000000000004}.Debug|x64.Build.0 = Debug|Any CPU
		{A0001000-0000-0000-0000-000000000004}.Debug|x86.ActiveCfg = Debug|Any CPU
		{A0001000-0000-0000-0000-000000000004}.Debug|x86.Build.0 = Debug|Any CPU
		{A0001000-0000-0000-0000-000000000004}.Release|Any CPU.ActiveCfg = Release|Any CPU
		{A0001000-0000-0000-0000-000000000004}.Release|Any CPU.Build.0 = Release|Any CPU
		{A0001000-0000-0000-0000-000000000004}.Release|x64.ActiveCfg = Release|Any CPU
		{A0001000-0000-0000-0000-000000000004}.Release|x64.Build.0 = Release|Any CPU
		{A0001000-0000-0000-0000-000000000004}.Release|x86.ActiveCfg = Release|Any CPU
		{A0001000-0000-0000-0000-000000000004}.Release|x86.Build.0 = Release|Any CPU
		{A0001000-0000-0000-0000-000000000005}.Debug|Any CPU.ActiveCfg = Debug|Any CPU
		{A0001000-0000-0000-0000-000000000005}.Debug|Any CPU.Build.0 = Debug|Any CPU
		{A0001000-0000-0000-0000-000000000005}.Debug|x64.ActiveCfg = Debug|Any CPU
		{A0001000-0000-0000-0000-000000000005}.Debug|x64.Build.0 = Debug|Any CPU
		{A0001000-0000-0000-0000-000000000005}.Debug|x86.ActiveCfg = Debug|Any CPU
		{A0001000-0000-0000-0000-000000000005}.Debug|x86.Build.0 = Debug|Any CPU
		{A0001000-0000-0000-0000-000000000005}.Release|Any CPU.ActiveCfg = Release|Any CPU
		{A0001000-0000-0000-0000-000000000005}.Release|Any CPU.Build.0 = Release|Any CPU
		{A0001000-0000-0000-0000-000000000005}.Release|x64.ActiveCfg = Release|Any CPU
		{A0001000-0000-0000-0000-000000000005}.Release|x64.Build.0 = Release|Any CPU
		{A0001000-0000-0000-0000-000000000005}.Release|x86.ActiveCfg = Release|Any CPU
		{A0001000-0000-0000-0000-000000000005}.Release|x86.Build.0 = Release|Any CPU
		{A0001000-0000-0000-0000-000000000006}.Debug|Any CPU.ActiveCfg = Debug|Any CPU
		{A0001000-0000-0000-0000-000000000006}.Debug|Any CPU.Build.0 = Debug|Any CPU
		{A0001000-0000-0000-0000-000000000006}.Debug|x64.ActiveCfg = Debug|Any CPU
		{A0001000-0000-0000-0000-000000000006}.Debug|x64.Build.0 = Debug|Any CPU
		{A0001000-0000-0000-0000-000000000006}.Debug|x86.ActiveCfg = Debug|Any CPU
		{A0001000-0000-0000-0000-000000000006}.Debug|x86.Build.0 = Debug|Any CPU
		{A0001000-0000-0000-0000-000000000006}.Release|Any CPU.ActiveCfg = Release|Any CPU
		{A0001000-0000-0000-0000-000000000006}.Release|Any CPU.Build.0 = Release|Any CPU
		{A0001000-0000-0000-0000-000000000006}.Release|x64.ActiveCfg = Release|Any CPU
		{A0001000-0000-0000-0000-000000000006}.Release|x64.Build.0 = Release|Any CPU
		{A0001000-0000-0000-0000-000000000006}.Release|x86.ActiveCfg = Release|Any CPU
		{A0001000-0000-0000-0000-000000000006}.Release|x86.Build.0 = Release|Any CPU
		{A0001000-0000-0000-0000-000000000007}.Debug|Any CPU.ActiveCfg = Debug|Any CPU
		{A0001000-0000-0000-0000-000000000007}.Debug|Any CPU.Build.0 = Debug|Any CPU
		{A0001000-0000-0000-0000-000000000007}.Debug|x64.ActiveCfg = Debug|Any CPU
		{A0001000-0000-0000-0000-000000000007}.Debug|x64.Build.0 = Debug|Any CPU
		{A0001000-0000-0000-0000-000000000007}.Debug|x86.ActiveCfg = Debug|Any CPU
		{A0001000-0000-0000-0000-000000000007}.Debug|x86.Build.0 = Debug|Any CPU
		{A0001000-0000-0000-0000-000000000007}.Release|Any CPU.ActiveCfg = Release|Any CPU
		{A0001000-0000-0000-0000-000000000007}.Release|Any CPU.Build.0 = Release|Any CPU
		{A0001000-0000-0000-0000-000000000007}.Release|x64.ActiveCfg = Release|Any CPU
		{A0001000-0000-0000-0000-000000000007}.Release|x64.Build.0 = Release|Any CPU
		{A0001000-0000-0000-0000-000000000007}.Release|x86.ActiveCfg = Release|Any CPU
		{A0001000-0000-0000-0000-000000000007}.Release|x86.Build.0 = Release|Any CPU
		{A0002000-0000-0000-0000-000000000001}.Debug|Any CPU.ActiveCfg = Debug|Any CPU
		{A0002000-0000-0000-0000-000000000001}.Debug|Any CPU.Build.0 = Debug|Any CPU
		{A0002000-0000-0000-0000-000000000001}.Debug|x64.ActiveCfg = Debug|Any CPU
		{A0002000-0000-0000-0000-000000000001}.Debug|x64.Build.0 = Debug|Any CPU
		{A0002000-0000-0000-0000-000000000001}.Debug|x86.ActiveCfg = Debug|Any CPU
		{A0002000-0000-0000-0000-000000000001}.Debug|x86.Build.0 = Debug|Any CPU
		{A0002000-0000-0000-0000-000000000001}.Release|Any CPU.ActiveCfg = Release|Any CPU
		{A0002000-0000-0000-0000-000000000001}.Release|Any CPU.Build.0 = Release|Any CPU
		{A0002000-0000-0000-0000-000000000001}.Release|x64.ActiveCfg = Release|Any CPU
		{A0002000-0000-0000-0000-000000000001}.Release|x64.Build.0 = Release|Any CPU
		{A0002000-0000-0000-0000-000000000001}.Release|x86.ActiveCfg = Release|Any CPU
		{A0002000-0000-0000-0000-000000000001}.Release|x86.Build.0 = Release|Any CPU
		{A0002000-0000-0000-0000-000000000002}.Debug|Any CPU.ActiveCfg = Debug|Any CPU
		{A0002000-0000-0000-0000-000000000002}.Debug|Any CPU.Build.0 = Debug|Any CPU
		{A0002000-0000-0000-0000-000000000002}.Debug|x64.ActiveCfg = Debug|Any CPU
		{A0002000-0000-0000-0000-000000000002}.Debug|x64.Build.0 = Debug|Any CPU
		{A0002000-0000-0000-0000-000000000002}.Debug|x86.ActiveCfg = Debug|Any CPU
		{A0002000-0000-0000-0000-000000000002}.Debug|x86.Build.0 = Debug|Any CPU
		{A0002000-0000-0000-0000-000000000002}.Release|Any CPU.ActiveCfg = Release|Any CPU
		{A0002000-0000-0000-0000-000000000002}.Release|Any CPU.Build.0 = Release|Any CPU
		{A0002000-0000-0000-0000-000000000002}.Release|x64.ActiveCfg = Release|Any CPU
		{A0002000-0000-0000-0000-000000000002}.Release|x64.Build.0 = Release|Any CPU
		{A0002000-0000-0000-0000-000000000002}.Release|x86.ActiveCfg = Release|Any CPU
		{A0002000-0000-0000-0000-000000000002}.Release|x86.Build.0 = Release|Any CPU
		{A0002000-0000-0000-0000-000000000003}.Debug|Any CPU.ActiveCfg = Debug|Any CPU
		{A0002000-0000-0000-0000-000000000003}.Debug|Any CPU.Build.0 = Debug|Any CPU
		{A0002000-0000-0000-0000-000000000003}.Debug|x64.ActiveCfg = Debug|Any CPU
		{A0002000-0000-0000-0000-000000000003}.Debug|x64.Build.0 = Debug|Any CPU
		{A0002000-0000-0000-0000-000000000003}.Debug|x86.ActiveCfg = Debug|Any CPU
		{A0002000-0000-0000-0000-000000000003}.Debug|x86.Build.0 = Debug|Any CPU
		{A0002000-0000-0000-0000-000000000003}.Release|Any CPU.ActiveCfg = Release|Any CPU
		{A0002000-0000-0000-0000-000000000003}.Release|Any CPU.Build.0 = Release|Any CPU
		{A0002000-0000-0000-0000-000000000003}.Release|x64.ActiveCfg = Release|Any CPU
		{A0002000-0000-0000-0000-000000000003}.Release|x64.Build.0 = Release|Any CPU
		{A0002000-0000-0000-0000-000000000003}.Release|x86.ActiveCfg = Release|Any CPU
		{A0002000-0000-0000-0000-000000000003}.Release|x86.Build.0 = Release|Any CPU
		{A0002000-0000-0000-0000-000000000004}.Debug|Any CPU.ActiveCfg = Debug|Any CPU
		{A0002000-0000-0000-0000-000000000004}.Debug|Any CPU.Build.0 = Debug|Any CPU
		{A0002000-0000-0000-0000-000000000004}.Debug|x64.ActiveCfg = Debug|Any CPU
		{A0002000-0000-0000-0000-000000000004}.Debug|x64.Build.0 = Debug|Any CPU
		{A0002000-0000-0000-0000-000000000004}.Debug|x86.ActiveCfg = Debug|Any CPU
		{A0002000-0000-0000-0000-000000000004}.Debug|x86.Build.0 = Debug|Any CPU
		{A0002000-0000-0000-0000-000000000004}.Release|Any CPU.ActiveCfg = Release|Any CPU
		{A0002000-0000-0000-0000-000000000004}.Release|Any CPU.Build.0 = Release|Any CPU
		{A0002000-0000-0000-0000-000000000004}.Release|x64.ActiveCfg = Release|Any CPU
		{A0002000-0000-0000-0000-000000000004}.Release|x64.Build.0 = Release|Any CPU
		{A0002000-0000-0000-0000-000000000004}.Release|x86.ActiveCfg = Release|Any CPU
		{A0002000-0000-0000-0000-000000000004}.Release|x86.Build.0 = Release|Any CPU
		{A0002000-0000-0000-0000-000000000005}.Debug|Any CPU.ActiveCfg = Debug|Any CPU
		{A0002000-0000-0000-0000-000000000005}.Debug|Any CPU.Build.0 = Debug|Any CPU
		{A0002000-0000-0000-0000-000000000005}.Debug|x64.ActiveCfg = Debug|Any CPU
		{A0002000-0000-0000-0000-000000000005}.Debug|x64.Build.0 = Debug|Any CPU
		{A0002000-0000-0000-0000-000000000005}.Debug|x86.ActiveCfg = Debug|Any CPU
		{A0002000-0000-0000-0000-000000000005}.Debug|x86.Build.0 = Debug|Any CPU
		{A0002000-0000-0000-0000-000000000005}.Release|Any CPU.ActiveCfg = Release|Any CPU
		{A0002000-0000-0000-0000-000000000005}.Release|Any CPU.Build.0 = Release|Any CPU
		{A0002000-0000-0000-0000-000000000005}.Release|x64.ActiveCfg = Release|Any CPU
		{A0002000-0000-0000-0000-000000000005}.Release|x64.Build.0 = Release|Any CPU
		{A0002000-0000-0000-0000-000000000005}.Release|x86.ActiveCfg = Release|Any CPU
		{A0002000-0000-0000-0000-000000000005}.Release|x86.Build.0 = Release|Any CPU
		{A0002000-0000-0000-0000-000000000006}.Debug|Any CPU.ActiveCfg = Debug|Any CPU
		{A0002000-0000-0000-0000-000000000006}.Debug|Any CPU.Build.0 = Debug|Any CPU
		{A0002000-0000-0000-0000-000000000006}.Debug|x64.ActiveCfg = Debug|Any CPU
		{A0002000-0000-0000-0000-000000000006}.Debug|x64.Build.0 = Debug|Any CPU
		{A0002000-0000-0000-0000-000000000006}.Debug|x86.ActiveCfg = Debug|Any CPU
		{A0002000-0000-0000-0000-000000000006}.Debug|x86.Build.0 = Debug|Any CPU
		{A0002000-0000-0000-0000-000000000006}.Release|Any CPU.ActiveCfg = Release|Any CPU
		{A0002000-0000-0000-0000-000000000006}.Release|Any CPU.Build.0 = Release|Any CPU
		{A0002000-0000-0000-0000-000000000006}.Release|x64.ActiveCfg = Release|Any CPU
		{A0002000-0000-0000-0000-000000000006}.Release|x64.Build.0 = Release|Any CPU
		{A0002000-0000-0000-0000-000000000006}.Release|x86.ActiveCfg = Release|Any CPU
		{A0002000-0000-0000-0000-000000000006}.Release|x86.Build.0 = Release|Any CPU
		{A0002000-0000-0000-0000-000000000007}.Debug|Any CPU.ActiveCfg = Debug|Any CPU
		{A0002000-0000-0000-0000-000000000007}.Debug|Any CPU.Build.0 = Debug|Any CPU
		{A0002000-0000-0000-0000-000000000007}.Debug|x64.ActiveCfg = Debug|Any CPU
		{A0002000-0000-0000-0000-000000000007}.Debug|x64.Build.0 = Debug|Any CPU
		{A0002000-0000-0000-0000-000000000007}.Debug|x86.ActiveCfg = Debug|Any CPU
		{A0002000-0000-0000-0000-000000000007}.Debug|x86.Build.0 = Debug|Any CPU
		{A0002000-0000-0000-0000-000000000007}.Release|Any CPU.ActiveCfg = Release|Any CPU
		{A0002000-0000-0000-0000-000000000007}.Release|Any CPU.Build.0 = Release|Any CPU
		{A0002000-0000-0000-0000-000000000007}.Release|x64.ActiveCfg = Release|Any CPU
		{A0002000-0000-0000-0000-000000000007}.Release|x64.Build.0 = Release|Any CPU
		{A0002000-0000-0000-0000-000000000007}.Release|x86.ActiveCfg = Release|Any CPU
		{A0002000-0000-0000-0000-000000000007}.Release|x86.Build.0 = Release|Any CPU
		{A0002000-0000-0000-0000-000000000008}.Debug|Any CPU.ActiveCfg = Debug|Any CPU
		{A0002000-0000-0000-0000-000000000008}.Debug|Any CPU.Build.0 = Debug|Any CPU
		{A0002000-0000-0000-0000-000000000008}.Debug|x64.ActiveCfg = Debug|Any CPU
		{A0002000-0000-0000-0000-000000000008}.Debug|x64.Build.0 = Debug|Any CPU
		{A0002000-0000-0000-0000-000000000008}.Debug|x86.ActiveCfg = Debug|Any CPU
		{A0002000-0000-0000-0000-000000000008}.Debug|x86.Build.0 = Debug|Any CPU
		{A0002000-0000-0000-0000-000000000008}.Release|Any CPU.ActiveCfg = Release|Any CPU
		{A0002000-0000-0000-0000-000000000008}.Release|Any CPU.Build.0 = Release|Any CPU
		{A0002000-0000-0000-0000-000000000008}.Release|x64.ActiveCfg = Release|Any CPU
		{A0002000-0000-0000-0000-000000000008}.Release|x64.Build.0 = Release|Any CPU
		{A0002000-0000-0000-0000-000000000008}.Release|x86.ActiveCfg = Release|Any CPU
		{A0002000-0000-0000-0000-000000000008}.Release|x86.Build.0 = Release|Any CPU
		{A0001000-0000-0000-0000-000000000008}.Debug|Any CPU.ActiveCfg = Debug|Any CPU
		{A0001000-0000-0000-0000-000000000008}.Debug|Any CPU.Build.0 = Debug|Any CPU
		{A0001000-0000-0000-0000-000000000008}.Debug|x64.ActiveCfg = Debug|Any CPU
		{A0001000-0000-0000-0000-000000000008}.Debug|x64.Build.0 = Debug|Any CPU
		{A0001000-0000-0000-0000-000000000008}.Debug|x86.ActiveCfg = Debug|Any CPU
		{A0001000-0000-0000-0000-000000000008}.Debug|x86.Build.0 = Debug|Any CPU
		{A0001000-0000-0000-0000-000000000008}.Release|Any CPU.ActiveCfg = Release|Any CPU
		{A0001000-0000-0000-0000-000000000008}.Release|Any CPU.Build.0 = Release|Any CPU
		{A0001000-0000-0000-0000-000000000008}.Release|x64.ActiveCfg = Release|Any CPU
		{A0001000-0000-0000-0000-000000000008}.Release|x64.Build.0 = Release|Any CPU
		{A0001000-0000-0000-0000-000000000008}.Release|x86.ActiveCfg = Release|Any CPU
		{A0001000-0000-0000-0000-000000000008}.Release|x86.Build.0 = Release|Any CPU
		{A0002000-0000-0000-0000-000000000009}.Debug|Any CPU.ActiveCfg = Debug|Any CPU
		{A0002000-0000-0000-0000-000000000009}.Debug|Any CPU.Build.0 = Debug|Any CPU
		{A0002000-0000-0000-0000-000000000009}.Debug|x64.ActiveCfg = Debug|Any CPU
		{A0002000-0000-0000-0000-000000000009}.Debug|x64.Build.0 = Debug|Any CPU
		{A0002000-0000-0000-0000-000000000009}.Debug|x86.ActiveCfg = Debug|Any CPU
		{A0002000-0000-0000-0000-000000000009}.Debug|x86.Build.0 = Debug|Any CPU
		{A0002000-0000-0000-0000-000000000009}.Release|Any CPU.ActiveCfg = Release|Any CPU
		{A0002000-0000-0000-0000-000000000009}.Release|Any CPU.Build.0 = Release|Any CPU
		{A0002000-0000-0000-0000-000000000009}.Release|x64.ActiveCfg = Release|Any CPU
		{A0002000-0000-0000-0000-000000000009}.Release|x64.Build.0 = Release|Any CPU
		{A0002000-0000-0000-0000-000000000009}.Release|x86.ActiveCfg = Release|Any CPU
		{A0002000-0000-0000-0000-000000000009}.Release|x86.Build.0 = Release|Any CPU
		{A0001000-0000-0000-0000-000000000009}.Debug|Any CPU.ActiveCfg = Debug|Any CPU
		{A0001000-0000-0000-0000-000000000009}.Debug|Any CPU.Build.0 = Debug|Any CPU
		{A0001000-0000-0000-0000-000000000009}.Debug|x64.ActiveCfg = Debug|Any CPU
		{A0001000-0000-0000-0000-000000000009}.Debug|x64.Build.0 = Debug|Any CPU
		{A0001000-0000-0000-0000-000000000009}.Debug|x86.ActiveCfg = Debug|Any CPU
		{A0001000-0000-0000-0000-000000000009}.Debug|x86.Build.0 = Debug|Any CPU
		{A0001000-0000-0000-0000-000000000009}.Release|Any CPU.ActiveCfg = Release|Any CPU
		{A0001000-0000-0000-0000-000000000009}.Release|Any CPU.Build.0 = Release|Any CPU
		{A0001000-0000-0000-0000-000000000009}.Release|x64.ActiveCfg = Release|Any CPU
		{A0001000-0000-0000-0000-000000000009}.Release|x64.Build.0 = Release|Any CPU
		{A0001000-0000-0000-0000-000000000009}.Release|x86.ActiveCfg = Release|Any CPU
		{A0001000-0000-0000-0000-000000000009}.Release|x86.Build.0 = Release|Any CPU
		{A0002000-0000-0000-0000-00000000000A}.Debug|Any CPU.ActiveCfg = Debug|Any CPU
		{A0002000-0000-0000-0000-00000000000A}.Debug|Any CPU.Build.0 = Debug|Any CPU
		{A0002000-0000-0000-0000-00000000000A}.Debug|x64.ActiveCfg = Debug|Any CPU
		{A0002000-0000-0000-0000-00000000000A}.Debug|x64.Build.0 = Debug|Any CPU
		{A0002000-0000-0000-0000-00000000000A}.Debug|x86.ActiveCfg = Debug|Any CPU
		{A0002000-0000-0000-0000-00000000000A}.Debug|x86.Build.0 = Debug|Any CPU
		{A0002000-0000-0000-0000-00000000000A}.Release|Any CPU.ActiveCfg = Release|Any CPU
		{A0002000-0000-0000-0000-00000000000A}.Release|Any CPU.Build.0 = Release|Any CPU
		{A0002000-0000-0000-0000-00000000000A}.Release|x64.ActiveCfg = Release|Any CPU
		{A0002000-0000-0000-0000-00000000000A}.Release|x64.Build.0 = Release|Any CPU
		{A0002000-0000-0000-0000-00000000000A}.Release|x86.ActiveCfg = Release|Any CPU
		{A0002000-0000-0000-0000-00000000000A}.Release|x86.Build.0 = Release|Any CPU
		{A0001000-0000-0000-0000-00000000000A}.Debug|Any CPU.ActiveCfg = Debug|Any CPU
		{A0001000-0000-0000-0000-00000000000A}.Debug|Any CPU.Build.0 = Debug|Any CPU
		{A0001000-0000-0000-0000-00000000000A}.Debug|x64.ActiveCfg = Debug|Any CPU
		{A0001000-0000-0000-0000-00000000000A}.Debug|x64.Build.0 = Debug|Any CPU
		{A0001000-0000-0000-0000-00000000000A}.Debug|x86.ActiveCfg = Debug|Any CPU
		{A0001000-0000-0000-0000-00000000000A}.Debug|x86.Build.0 = Debug|Any CPU
		{A0001000-0000-0000-0000-00000000000A}.Release|Any CPU.ActiveCfg = Release|Any CPU
		{A0001000-0000-0000-0000-00000000000A}.Release|Any CPU.Build.0 = Release|Any CPU
		{A0001000-0000-0000-0000-00000000000A}.Release|x64.ActiveCfg = Release|Any CPU
		{A0001000-0000-0000-0000-00000000000A}.Release|x64.Build.0 = Release|Any CPU
		{A0001000-0000-0000-0000-00000000000A}.Release|x86.ActiveCfg = Release|Any CPU
		{A0001000-0000-0000-0000-00000000000A}.Release|x86.Build.0 = Release|Any CPU
		{A0002000-0000-0000-0000-00000000000B}.Debug|Any CPU.ActiveCfg = Debug|Any CPU
		{A0002000-0000-0000-0000-00000000000B}.Debug|Any CPU.Build.0 = Debug|Any CPU
		{A0002000-0000-0000-0000-00000000000B}.Debug|x64.ActiveCfg = Debug|Any CPU
		{A0002000-0000-0000-0000-00000000000B}.Debug|x64.Build.0 = Debug|Any CPU
		{A0002000-0000-0000-0000-00000000000B}.Debug|x86.ActiveCfg = Debug|Any CPU
		{A0002000-0000-0000-0000-00000000000B}.Debug|x86.Build.0 = Debug|Any CPU
		{A0002000-0000-0000-0000-00000000000B}.Release|Any CPU.ActiveCfg = Release|Any CPU
		{A0002000-0000-0000-0000-00000000000B}.Release|Any CPU.Build.0 = Release|Any CPU
		{A0002000-0000-0000-0000-00000000000B}.Release|x64.ActiveCfg = Release|Any CPU
		{A0002000-0000-0000-0000-00000000000B}.Release|x64.Build.0 = Release|Any CPU
		{A0002000-0000-0000-0000-00000000000B}.Release|x86.ActiveCfg = Release|Any CPU
		{A0002000-0000-0000-0000-00000000000B}.Release|x86.Build.0 = Release|Any CPU
		{A0001000-0000-0000-0000-00000000000B}.Debug|Any CPU.ActiveCfg = Debug|Any CPU
		{A0001000-0000-0000-0000-00000000000B}.Debug|Any CPU.Build.0 = Debug|Any CPU
		{A0001000-0000-0000-0000-00000000000B}.Debug|x64.ActiveCfg = Debug|Any CPU
		{A0001000-0000-0000-0000-00000000000B}.Debug|x64.Build.0 = Debug|Any CPU
		{A0001000-0000-0000-0000-00000000000B}.Debug|x86.ActiveCfg = Debug|Any CPU
		{A0001000-0000-0000-0000-00000000000B}.Debug|x86.Build.0 = Debug|Any CPU
		{A0001000-0000-0000-0000-00000000000B}.Release|Any CPU.ActiveCfg = Release|Any CPU
		{A0001000-0000-0000-0000-00000000000B}.Release|Any CPU.Build.0 = Release|Any CPU
		{A0001000-0000-0000-0000-00000000000B}.Release|x64.ActiveCfg = Release|Any CPU
		{A0001000-0000-0000-0000-00000000000B}.Release|x64.Build.0 = Release|Any CPU
		{A0001000-0000-0000-0000-00000000000B}.Release|x86.ActiveCfg = Release|Any CPU
		{A0001000-0000-0000-0000-00000000000B}.Release|x86.Build.0 = Release|Any CPU
		{A0002000-0000-0000-0000-00000000000C}.Debug|Any CPU.ActiveCfg = Debug|Any CPU
		{A0002000-0000-0000-0000-00000000000C}.Debug|Any CPU.Build.0 = Debug|Any CPU
		{A0002000-0000-0000-0000-00000000000C}.Debug|x64.ActiveCfg = Debug|Any CPU
		{A0002000-0000-0000-0000-00000000000C}.Debug|x64.Build.0 = Debug|Any CPU
		{A0002000-0000-0000-0000-00000000000C}.Debug|x86.ActiveCfg = Debug|Any CPU
		{A0002000-0000-0000-0000-00000000000C}.Debug|x86.Build.0 = Debug|Any CPU
		{A0002000-0000-0000-0000-00000000000C}.Release|Any CPU.ActiveCfg = Release|Any CPU
		{A0002000-0000-0000-0000-00000000000C}.Release|Any CPU.Build.0 = Release|Any CPU
		{A0002000-0000-0000-0000-00000000000C}.Release|x64.ActiveCfg = Release|Any CPU
		{A0002000-0000-0000-0000-00000000000C}.Release|x64.Build.0 = Release|Any CPU
		{A0002000-0000-0000-0000-00000000000C}.Release|x86.ActiveCfg = Release|Any CPU
		{A0002000-0000-0000-0000-00000000000C}.Release|x86.Build.0 = Release|Any CPU
		{A0003000-0000-0000-0000-00000000000D}.Debug|Any CPU.ActiveCfg = Debug|Any CPU
		{A0003000-0000-0000-0000-00000000000D}.Debug|Any CPU.Build.0 = Debug|Any CPU
		{A0003000-0000-0000-0000-00000000000D}.Debug|x64.ActiveCfg = Debug|Any CPU
		{A0003000-0000-0000-0000-00000000000D}.Debug|x64.Build.0 = Debug|Any CPU
		{A0003000-0000-0000-0000-00000000000D}.Debug|x86.ActiveCfg = Debug|Any CPU
		{A0003000-0000-0000-0000-00000000000D}.Debug|x86.Build.0 = Debug|Any CPU
		{A0003000-0000-0000-0000-00000000000D}.Release|Any CPU.ActiveCfg = Release|Any CPU
		{A0003000-0000-0000-0000-00000000000D}.Release|Any CPU.Build.0 = Release|Any CPU
		{A0003000-0000-0000-0000-00000000000D}.Release|x64.ActiveCfg = Release|Any CPU
		{A0003000-0000-0000-0000-00000000000D}.Release|x64.Build.0 = Release|Any CPU
		{A0003000-0000-0000-0000-00000000000D}.Release|x86.ActiveCfg = Release|Any CPU
		{A0003000-0000-0000-0000-00000000000D}.Release|x86.Build.0 = Release|Any CPU
		{A0002000-0000-0000-0000-00000000000D}.Debug|Any CPU.ActiveCfg = Debug|Any CPU
		{A0002000-0000-0000-0000-00000000000D}.Debug|Any CPU.Build.0 = Debug|Any CPU
		{A0002000-0000-0000-0000-00000000000D}.Debug|x64.ActiveCfg = Debug|Any CPU
		{A0002000-0000-0000-0000-00000000000D}.Debug|x64.Build.0 = Debug|Any CPU
		{A0002000-0000-0000-0000-00000000000D}.Debug|x86.ActiveCfg = Debug|Any CPU
		{A0002000-0000-0000-0000-00000000000D}.Debug|x86.Build.0 = Debug|Any CPU
		{A0002000-0000-0000-0000-00000000000D}.Release|Any CPU.ActiveCfg = Release|Any CPU
		{A0002000-0000-0000-0000-00000000000D}.Release|Any CPU.Build.0 = Release|Any CPU
		{A0002000-0000-0000-0000-00000000000D}.Release|x64.ActiveCfg = Release|Any CPU
		{A0002000-0000-0000-0000-00000000000D}.Release|x64.Build.0 = Release|Any CPU
		{A0002000-0000-0000-0000-00000000000D}.Release|x86.ActiveCfg = Release|Any CPU
		{A0002000-0000-0000-0000-00000000000D}.Release|x86.Build.0 = Release|Any CPU
		{A0001000-0000-0000-0000-00000000000D}.Debug|Any CPU.ActiveCfg = Debug|Any CPU
		{A0001000-0000-0000-0000-00000000000D}.Debug|Any CPU.Build.0 = Debug|Any CPU
		{A0001000-0000-0000-0000-00000000000D}.Debug|x64.ActiveCfg = Debug|Any CPU
		{A0001000-0000-0000-0000-00000000000D}.Debug|x64.Build.0 = Debug|Any CPU
		{A0001000-0000-0000-0000-00000000000D}.Debug|x86.ActiveCfg = Debug|Any CPU
		{A0001000-0000-0000-0000-00000000000D}.Debug|x86.Build.0 = Debug|Any CPU
		{A0001000-0000-0000-0000-00000000000D}.Release|Any CPU.ActiveCfg = Release|Any CPU
		{A0001000-0000-0000-0000-00000000000D}.Release|Any CPU.Build.0 = Release|Any CPU
		{A0001000-0000-0000-0000-00000000000D}.Release|x64.ActiveCfg = Release|Any CPU
		{A0001000-0000-0000-0000-00000000000D}.Release|x64.Build.0 = Release|Any CPU
		{A0001000-0000-0000-0000-00000000000D}.Release|x86.ActiveCfg = Release|Any CPU
		{A0001000-0000-0000-0000-00000000000D}.Release|x86.Build.0 = Release|Any CPU
		{A0001000-0000-0000-0000-00000000000E}.Debug|Any CPU.ActiveCfg = Debug|Any CPU
		{A0001000-0000-0000-0000-00000000000E}.Debug|Any CPU.Build.0 = Debug|Any CPU
		{A0001000-0000-0000-0000-00000000000E}.Debug|x64.ActiveCfg = Debug|Any CPU
		{A0001000-0000-0000-0000-00000000000E}.Debug|x64.Build.0 = Debug|Any CPU
		{A0001000-0000-0000-0000-00000000000E}.Debug|x86.ActiveCfg = Debug|Any CPU
		{A0001000-0000-0000-0000-00000000000E}.Debug|x86.Build.0 = Debug|Any CPU
		{A0001000-0000-0000-0000-00000000000E}.Release|Any CPU.ActiveCfg = Release|Any CPU
		{A0001000-0000-0000-0000-00000000000E}.Release|Any CPU.Build.0 = Release|Any CPU
		{A0001000-0000-0000-0000-00000000000E}.Release|x64.ActiveCfg = Release|Any CPU
		{A0001000-0000-0000-0000-00000000000E}.Release|x64.Build.0 = Release|Any CPU
		{A0001000-0000-0000-0000-00000000000E}.Release|x86.ActiveCfg = Release|Any CPU
		{A0001000-0000-0000-0000-00000000000E}.Release|x86.Build.0 = Release|Any CPU
		{A0002000-0000-0000-0000-000000000010}.Debug|Any CPU.ActiveCfg = Debug|Any CPU
		{A0002000-0000-0000-0000-000000000010}.Debug|Any CPU.Build.0 = Debug|Any CPU
		{A0002000-0000-0000-0000-000000000010}.Debug|x64.ActiveCfg = Debug|Any CPU
		{A0002000-0000-0000-0000-000000000010}.Debug|x64.Build.0 = Debug|Any CPU
		{A0002000-0000-0000-0000-000000000010}.Debug|x86.ActiveCfg = Debug|Any CPU
		{A0002000-0000-0000-0000-000000000010}.Debug|x86.Build.0 = Debug|Any CPU
		{A0002000-0000-0000-0000-000000000010}.Release|Any CPU.ActiveCfg = Release|Any CPU
		{A0002000-0000-0000-0000-000000000010}.Release|Any CPU.Build.0 = Release|Any CPU
		{A0002000-0000-0000-0000-000000000010}.Release|x64.ActiveCfg = Release|Any CPU
		{A0002000-0000-0000-0000-000000000010}.Release|x64.Build.0 = Release|Any CPU
		{A0002000-0000-0000-0000-000000000010}.Release|x86.ActiveCfg = Release|Any CPU
		{A0002000-0000-0000-0000-000000000010}.Release|x86.Build.0 = Release|Any CPU
		{A0001000-0000-0000-0000-00000000000F}.Debug|Any CPU.ActiveCfg = Debug|Any CPU
		{A0001000-0000-0000-0000-00000000000F}.Debug|Any CPU.Build.0 = Debug|Any CPU
		{A0001000-0000-0000-0000-00000000000F}.Debug|x64.ActiveCfg = Debug|Any CPU
		{A0001000-0000-0000-0000-00000000000F}.Debug|x64.Build.0 = Debug|Any CPU
		{A0001000-0000-0000-0000-00000000000F}.Debug|x86.ActiveCfg = Debug|Any CPU
		{A0001000-0000-0000-0000-00000000000F}.Debug|x86.Build.0 = Debug|Any CPU
		{A0001000-0000-0000-0000-00000000000F}.Release|Any CPU.ActiveCfg = Release|Any CPU
		{A0001000-0000-0000-0000-00000000000F}.Release|Any CPU.Build.0 = Release|Any CPU
		{A0001000-0000-0000-0000-00000000000F}.Release|x64.ActiveCfg = Release|Any CPU
		{A0001000-0000-0000-0000-00000000000F}.Release|x64.Build.0 = Release|Any CPU
		{A0001000-0000-0000-0000-00000000000F}.Release|x86.ActiveCfg = Release|Any CPU
		{A0001000-0000-0000-0000-00000000000F}.Release|x86.Build.0 = Release|Any CPU
		{A0002000-0000-0000-0000-000000000011}.Debug|Any CPU.ActiveCfg = Debug|Any CPU
		{A0002000-0000-0000-0000-000000000011}.Debug|Any CPU.Build.0 = Debug|Any CPU
		{A0002000-0000-0000-0000-000000000011}.Debug|x64.ActiveCfg = Debug|Any CPU
		{A0002000-0000-0000-0000-000000000011}.Debug|x64.Build.0 = Debug|Any CPU
		{A0002000-0000-0000-0000-000000000011}.Debug|x86.ActiveCfg = Debug|Any CPU
		{A0002000-0000-0000-0000-000000000011}.Debug|x86.Build.0 = Debug|Any CPU
		{A0002000-0000-0000-0000-000000000011}.Release|Any CPU.ActiveCfg = Release|Any CPU
		{A0002000-0000-0000-0000-000000000011}.Release|Any CPU.Build.0 = Release|Any CPU
		{A0002000-0000-0000-0000-000000000011}.Release|x64.ActiveCfg = Release|Any CPU
		{A0002000-0000-0000-0000-000000000011}.Release|x64.Build.0 = Release|Any CPU
		{A0002000-0000-0000-0000-000000000011}.Release|x86.ActiveCfg = Release|Any CPU
		{A0002000-0000-0000-0000-000000000011}.Release|x86.Build.0 = Release|Any CPU
		{A0001000-0000-0000-0000-000000000010}.Debug|Any CPU.ActiveCfg = Debug|Any CPU
		{A0001000-0000-0000-0000-000000000010}.Debug|Any CPU.Build.0 = Debug|Any CPU
		{A0001000-0000-0000-0000-000000000010}.Debug|x64.ActiveCfg = Debug|Any CPU
		{A0001000-0000-0000-0000-000000000010}.Debug|x64.Build.0 = Debug|Any CPU
		{A0001000-0000-0000-0000-000000000010}.Debug|x86.ActiveCfg = Debug|Any CPU
		{A0001000-0000-0000-0000-000000000010}.Debug|x86.Build.0 = Debug|Any CPU
		{A0001000-0000-0000-0000-000000000010}.Release|Any CPU.ActiveCfg = Release|Any CPU
		{A0001000-0000-0000-0000-000000000010}.Release|Any CPU.Build.0 = Release|Any CPU
		{A0001000-0000-0000-0000-000000000010}.Release|x64.ActiveCfg = Release|Any CPU
		{A0001000-0000-0000-0000-000000000010}.Release|x64.Build.0 = Release|Any CPU
		{A0001000-0000-0000-0000-000000000010}.Release|x86.ActiveCfg = Release|Any CPU
		{A0001000-0000-0000-0000-000000000010}.Release|x86.Build.0 = Release|Any CPU
		{A0002000-0000-0000-0000-000000000012}.Debug|Any CPU.ActiveCfg = Debug|Any CPU
		{A0002000-0000-0000-0000-000000000012}.Debug|Any CPU.Build.0 = Debug|Any CPU
		{A0002000-0000-0000-0000-000000000012}.Debug|x64.ActiveCfg = Debug|Any CPU
		{A0002000-0000-0000-0000-000000000012}.Debug|x64.Build.0 = Debug|Any CPU
		{A0002000-0000-0000-0000-000000000012}.Debug|x86.ActiveCfg = Debug|Any CPU
		{A0002000-0000-0000-0000-000000000012}.Debug|x86.Build.0 = Debug|Any CPU
		{A0002000-0000-0000-0000-000000000012}.Release|Any CPU.ActiveCfg = Release|Any CPU
		{A0002000-0000-0000-0000-000000000012}.Release|Any CPU.Build.0 = Release|Any CPU
		{A0002000-0000-0000-0000-000000000012}.Release|x64.ActiveCfg = Release|Any CPU
		{A0002000-0000-0000-0000-000000000012}.Release|x64.Build.0 = Release|Any CPU
		{A0002000-0000-0000-0000-000000000012}.Release|x86.ActiveCfg = Release|Any CPU
		{A0002000-0000-0000-0000-000000000012}.Release|x86.Build.0 = Release|Any CPU
		{A0001000-0000-0000-0000-000000000011}.Debug|Any CPU.ActiveCfg = Debug|Any CPU
		{A0001000-0000-0000-0000-000000000011}.Debug|Any CPU.Build.0 = Debug|Any CPU
		{A0001000-0000-0000-0000-000000000011}.Debug|x64.ActiveCfg = Debug|Any CPU
		{A0001000-0000-0000-0000-000000000011}.Debug|x64.Build.0 = Debug|Any CPU
		{A0001000-0000-0000-0000-000000000011}.Debug|x86.ActiveCfg = Debug|Any CPU
		{A0001000-0000-0000-0000-000000000011}.Debug|x86.Build.0 = Debug|Any CPU
		{A0001000-0000-0000-0000-000000000011}.Release|Any CPU.ActiveCfg = Release|Any CPU
		{A0001000-0000-0000-0000-000000000011}.Release|Any CPU.Build.0 = Release|Any CPU
		{A0001000-0000-0000-0000-000000000011}.Release|x64.ActiveCfg = Release|Any CPU
		{A0001000-0000-0000-0000-000000000011}.Release|x64.Build.0 = Release|Any CPU
		{A0001000-0000-0000-0000-000000000011}.Release|x86.ActiveCfg = Release|Any CPU
		{A0001000-0000-0000-0000-000000000011}.Release|x86.Build.0 = Release|Any CPU
		{A0002000-0000-0000-0000-000000000013}.Debug|Any CPU.ActiveCfg = Debug|Any CPU
		{A0002000-0000-0000-0000-000000000013}.Debug|Any CPU.Build.0 = Debug|Any CPU
		{A0002000-0000-0000-0000-000000000013}.Debug|x64.ActiveCfg = Debug|Any CPU
		{A0002000-0000-0000-0000-000000000013}.Debug|x64.Build.0 = Debug|Any CPU
		{A0002000-0000-0000-0000-000000000013}.Debug|x86.ActiveCfg = Debug|Any CPU
		{A0002000-0000-0000-0000-000000000013}.Debug|x86.Build.0 = Debug|Any CPU
		{A0002000-0000-0000-0000-000000000013}.Release|Any CPU.ActiveCfg = Release|Any CPU
		{A0002000-0000-0000-0000-000000000013}.Release|Any CPU.Build.0 = Release|Any CPU
		{A0002000-0000-0000-0000-000000000013}.Release|x64.ActiveCfg = Release|Any CPU
		{A0002000-0000-0000-0000-000000000013}.Release|x64.Build.0 = Release|Any CPU
		{A0002000-0000-0000-0000-000000000013}.Release|x86.ActiveCfg = Release|Any CPU
		{A0002000-0000-0000-0000-000000000013}.Release|x86.Build.0 = Release|Any CPU
		{A0001000-0000-0000-0000-000000000012}.Debug|Any CPU.ActiveCfg = Debug|Any CPU
		{A0001000-0000-0000-0000-000000000012}.Debug|Any CPU.Build.0 = Debug|Any CPU
		{A0001000-0000-0000-0000-000000000012}.Debug|x64.ActiveCfg = Debug|Any CPU
		{A0001000-0000-0000-0000-000000000012}.Debug|x64.Build.0 = Debug|Any CPU
		{A0001000-0000-0000-0000-000000000012}.Debug|x86.ActiveCfg = Debug|Any CPU
		{A0001000-0000-0000-0000-000000000012}.Debug|x86.Build.0 = Debug|Any CPU
		{A0001000-0000-0000-0000-000000000012}.Release|Any CPU.ActiveCfg = Release|Any CPU
		{A0001000-0000-0000-0000-000000000012}.Release|Any CPU.Build.0 = Release|Any CPU
		{A0001000-0000-0000-0000-000000000012}.Release|x64.ActiveCfg = Release|Any CPU
		{A0001000-0000-0000-0000-000000000012}.Release|x64.Build.0 = Release|Any CPU
		{A0001000-0000-0000-0000-000000000012}.Release|x86.ActiveCfg = Release|Any CPU
		{A0001000-0000-0000-0000-000000000012}.Release|x86.Build.0 = Release|Any CPU
		{A0002000-0000-0000-0000-000000000014}.Debug|Any CPU.ActiveCfg = Debug|Any CPU
		{A0002000-0000-0000-0000-000000000014}.Debug|Any CPU.Build.0 = Debug|Any CPU
		{A0002000-0000-0000-0000-000000000014}.Debug|x64.ActiveCfg = Debug|Any CPU
		{A0002000-0000-0000-0000-000000000014}.Debug|x64.Build.0 = Debug|Any CPU
		{A0002000-0000-0000-0000-000000000014}.Debug|x86.ActiveCfg = Debug|Any CPU
		{A0002000-0000-0000-0000-000000000014}.Debug|x86.Build.0 = Debug|Any CPU
		{A0002000-0000-0000-0000-000000000014}.Release|Any CPU.ActiveCfg = Release|Any CPU
		{A0002000-0000-0000-0000-000000000014}.Release|Any CPU.Build.0 = Release|Any CPU
		{A0002000-0000-0000-0000-000000000014}.Release|x64.ActiveCfg = Release|Any CPU
		{A0002000-0000-0000-0000-000000000014}.Release|x64.Build.0 = Release|Any CPU
		{A0002000-0000-0000-0000-000000000014}.Release|x86.ActiveCfg = Release|Any CPU
		{A0002000-0000-0000-0000-000000000014}.Release|x86.Build.0 = Release|Any CPU
		{A0002000-0000-0000-0000-00000000000F}.Debug|Any CPU.ActiveCfg = Debug|Any CPU
		{A0002000-0000-0000-0000-00000000000F}.Debug|Any CPU.Build.0 = Debug|Any CPU
		{A0002000-0000-0000-0000-00000000000F}.Debug|x64.ActiveCfg = Debug|Any CPU
		{A0002000-0000-0000-0000-00000000000F}.Debug|x64.Build.0 = Debug|Any CPU
		{A0002000-0000-0000-0000-00000000000F}.Debug|x86.ActiveCfg = Debug|Any CPU
		{A0002000-0000-0000-0000-00000000000F}.Debug|x86.Build.0 = Debug|Any CPU
		{A0002000-0000-0000-0000-00000000000F}.Release|Any CPU.ActiveCfg = Release|Any CPU
		{A0002000-0000-0000-0000-00000000000F}.Release|Any CPU.Build.0 = Release|Any CPU
		{A0002000-0000-0000-0000-00000000000F}.Release|x64.ActiveCfg = Release|Any CPU
		{A0002000-0000-0000-0000-00000000000F}.Release|x64.Build.0 = Release|Any CPU
		{A0002000-0000-0000-0000-00000000000F}.Release|x86.ActiveCfg = Release|Any CPU
		{A0002000-0000-0000-0000-00000000000F}.Release|x86.Build.0 = Release|Any CPU
		{E568DB27-A3E8-4164-88FA-991FD63EEFEF}.Debug|Any CPU.ActiveCfg = Debug|Any CPU
		{E568DB27-A3E8-4164-88FA-991FD63EEFEF}.Debug|Any CPU.Build.0 = Debug|Any CPU
		{E568DB27-A3E8-4164-88FA-991FD63EEFEF}.Debug|x64.ActiveCfg = Debug|Any CPU
		{E568DB27-A3E8-4164-88FA-991FD63EEFEF}.Debug|x64.Build.0 = Debug|Any CPU
		{E568DB27-A3E8-4164-88FA-991FD63EEFEF}.Debug|x86.ActiveCfg = Debug|Any CPU
		{E568DB27-A3E8-4164-88FA-991FD63EEFEF}.Debug|x86.Build.0 = Debug|Any CPU
		{E568DB27-A3E8-4164-88FA-991FD63EEFEF}.Release|Any CPU.ActiveCfg = Release|Any CPU
		{E568DB27-A3E8-4164-88FA-991FD63EEFEF}.Release|Any CPU.Build.0 = Release|Any CPU
		{E568DB27-A3E8-4164-88FA-991FD63EEFEF}.Release|x64.ActiveCfg = Release|Any CPU
		{E568DB27-A3E8-4164-88FA-991FD63EEFEF}.Release|x64.Build.0 = Release|Any CPU
		{E568DB27-A3E8-4164-88FA-991FD63EEFEF}.Release|x86.ActiveCfg = Release|Any CPU
		{E568DB27-A3E8-4164-88FA-991FD63EEFEF}.Release|x86.Build.0 = Release|Any CPU
		{FC9A41CA-3221-4D94-A627-27A0FD248E10}.Debug|Any CPU.ActiveCfg = Debug|Any CPU
		{FC9A41CA-3221-4D94-A627-27A0FD248E10}.Debug|Any CPU.Build.0 = Debug|Any CPU
		{FC9A41CA-3221-4D94-A627-27A0FD248E10}.Debug|x64.ActiveCfg = Debug|Any CPU
		{FC9A41CA-3221-4D94-A627-27A0FD248E10}.Debug|x64.Build.0 = Debug|Any CPU
		{FC9A41CA-3221-4D94-A627-27A0FD248E10}.Debug|x86.ActiveCfg = Debug|Any CPU
		{FC9A41CA-3221-4D94-A627-27A0FD248E10}.Debug|x86.Build.0 = Debug|Any CPU
		{FC9A41CA-3221-4D94-A627-27A0FD248E10}.Release|Any CPU.ActiveCfg = Release|Any CPU
		{FC9A41CA-3221-4D94-A627-27A0FD248E10}.Release|Any CPU.Build.0 = Release|Any CPU
		{FC9A41CA-3221-4D94-A627-27A0FD248E10}.Release|x64.ActiveCfg = Release|Any CPU
		{FC9A41CA-3221-4D94-A627-27A0FD248E10}.Release|x64.Build.0 = Release|Any CPU
		{FC9A41CA-3221-4D94-A627-27A0FD248E10}.Release|x86.ActiveCfg = Release|Any CPU
		{FC9A41CA-3221-4D94-A627-27A0FD248E10}.Release|x86.Build.0 = Release|Any CPU
		{07FD4D68-7C54-4D28-A407-55A0048C6922}.Debug|Any CPU.ActiveCfg = Debug|Any CPU
		{07FD4D68-7C54-4D28-A407-55A0048C6922}.Debug|Any CPU.Build.0 = Debug|Any CPU
		{07FD4D68-7C54-4D28-A407-55A0048C6922}.Debug|x64.ActiveCfg = Debug|Any CPU
		{07FD4D68-7C54-4D28-A407-55A0048C6922}.Debug|x64.Build.0 = Debug|Any CPU
		{07FD4D68-7C54-4D28-A407-55A0048C6922}.Debug|x86.ActiveCfg = Debug|Any CPU
		{07FD4D68-7C54-4D28-A407-55A0048C6922}.Debug|x86.Build.0 = Debug|Any CPU
		{07FD4D68-7C54-4D28-A407-55A0048C6922}.Release|Any CPU.ActiveCfg = Release|Any CPU
		{07FD4D68-7C54-4D28-A407-55A0048C6922}.Release|Any CPU.Build.0 = Release|Any CPU
		{07FD4D68-7C54-4D28-A407-55A0048C6922}.Release|x64.ActiveCfg = Release|Any CPU
		{07FD4D68-7C54-4D28-A407-55A0048C6922}.Release|x64.Build.0 = Release|Any CPU
		{07FD4D68-7C54-4D28-A407-55A0048C6922}.Release|x86.ActiveCfg = Release|Any CPU
		{07FD4D68-7C54-4D28-A407-55A0048C6922}.Release|x86.Build.0 = Release|Any CPU
		{95553B2F-E405-49ED-88EC-F28A5763C5D4}.Debug|Any CPU.ActiveCfg = Debug|Any CPU
		{95553B2F-E405-49ED-88EC-F28A5763C5D4}.Debug|Any CPU.Build.0 = Debug|Any CPU
		{95553B2F-E405-49ED-88EC-F28A5763C5D4}.Debug|x64.ActiveCfg = Debug|Any CPU
		{95553B2F-E405-49ED-88EC-F28A5763C5D4}.Debug|x64.Build.0 = Debug|Any CPU
		{95553B2F-E405-49ED-88EC-F28A5763C5D4}.Debug|x86.ActiveCfg = Debug|Any CPU
		{95553B2F-E405-49ED-88EC-F28A5763C5D4}.Debug|x86.Build.0 = Debug|Any CPU
		{95553B2F-E405-49ED-88EC-F28A5763C5D4}.Release|Any CPU.ActiveCfg = Release|Any CPU
		{95553B2F-E405-49ED-88EC-F28A5763C5D4}.Release|Any CPU.Build.0 = Release|Any CPU
		{95553B2F-E405-49ED-88EC-F28A5763C5D4}.Release|x64.ActiveCfg = Release|Any CPU
		{95553B2F-E405-49ED-88EC-F28A5763C5D4}.Release|x64.Build.0 = Release|Any CPU
		{95553B2F-E405-49ED-88EC-F28A5763C5D4}.Release|x86.ActiveCfg = Release|Any CPU
		{95553B2F-E405-49ED-88EC-F28A5763C5D4}.Release|x86.Build.0 = Release|Any CPU
		{547A60A4-13CD-452B-AE4B-AE29FDE52144}.Debug|Any CPU.ActiveCfg = Debug|Any CPU
		{547A60A4-13CD-452B-AE4B-AE29FDE52144}.Debug|Any CPU.Build.0 = Debug|Any CPU
		{547A60A4-13CD-452B-AE4B-AE29FDE52144}.Debug|x64.ActiveCfg = Debug|Any CPU
		{547A60A4-13CD-452B-AE4B-AE29FDE52144}.Debug|x64.Build.0 = Debug|Any CPU
		{547A60A4-13CD-452B-AE4B-AE29FDE52144}.Debug|x86.ActiveCfg = Debug|Any CPU
		{547A60A4-13CD-452B-AE4B-AE29FDE52144}.Debug|x86.Build.0 = Debug|Any CPU
		{547A60A4-13CD-452B-AE4B-AE29FDE52144}.Release|Any CPU.ActiveCfg = Release|Any CPU
		{547A60A4-13CD-452B-AE4B-AE29FDE52144}.Release|Any CPU.Build.0 = Release|Any CPU
		{547A60A4-13CD-452B-AE4B-AE29FDE52144}.Release|x64.ActiveCfg = Release|Any CPU
		{547A60A4-13CD-452B-AE4B-AE29FDE52144}.Release|x64.Build.0 = Release|Any CPU
		{547A60A4-13CD-452B-AE4B-AE29FDE52144}.Release|x86.ActiveCfg = Release|Any CPU
		{547A60A4-13CD-452B-AE4B-AE29FDE52144}.Release|x86.Build.0 = Release|Any CPU
		{903858AD-DA7E-478A-9BA0-BEB2A721CF72}.Debug|Any CPU.ActiveCfg = Debug|Any CPU
		{903858AD-DA7E-478A-9BA0-BEB2A721CF72}.Debug|Any CPU.Build.0 = Debug|Any CPU
		{903858AD-DA7E-478A-9BA0-BEB2A721CF72}.Debug|x64.ActiveCfg = Debug|Any CPU
		{903858AD-DA7E-478A-9BA0-BEB2A721CF72}.Debug|x64.Build.0 = Debug|Any CPU
		{903858AD-DA7E-478A-9BA0-BEB2A721CF72}.Debug|x86.ActiveCfg = Debug|Any CPU
		{903858AD-DA7E-478A-9BA0-BEB2A721CF72}.Debug|x86.Build.0 = Debug|Any CPU
		{903858AD-DA7E-478A-9BA0-BEB2A721CF72}.Release|Any CPU.ActiveCfg = Release|Any CPU
		{903858AD-DA7E-478A-9BA0-BEB2A721CF72}.Release|Any CPU.Build.0 = Release|Any CPU
		{903858AD-DA7E-478A-9BA0-BEB2A721CF72}.Release|x64.ActiveCfg = Release|Any CPU
		{903858AD-DA7E-478A-9BA0-BEB2A721CF72}.Release|x64.Build.0 = Release|Any CPU
		{903858AD-DA7E-478A-9BA0-BEB2A721CF72}.Release|x86.ActiveCfg = Release|Any CPU
		{903858AD-DA7E-478A-9BA0-BEB2A721CF72}.Release|x86.Build.0 = Release|Any CPU
		{282F37B4-3938-49DF-B34D-DF40CD423570}.Debug|Any CPU.ActiveCfg = Debug|Any CPU
		{282F37B4-3938-49DF-B34D-DF40CD423570}.Debug|Any CPU.Build.0 = Debug|Any CPU
		{282F37B4-3938-49DF-B34D-DF40CD423570}.Debug|x64.ActiveCfg = Debug|Any CPU
		{282F37B4-3938-49DF-B34D-DF40CD423570}.Debug|x64.Build.0 = Debug|Any CPU
		{282F37B4-3938-49DF-B34D-DF40CD423570}.Debug|x86.ActiveCfg = Debug|Any CPU
		{282F37B4-3938-49DF-B34D-DF40CD423570}.Debug|x86.Build.0 = Debug|Any CPU
		{282F37B4-3938-49DF-B34D-DF40CD423570}.Release|Any CPU.ActiveCfg = Release|Any CPU
		{282F37B4-3938-49DF-B34D-DF40CD423570}.Release|Any CPU.Build.0 = Release|Any CPU
		{282F37B4-3938-49DF-B34D-DF40CD423570}.Release|x64.ActiveCfg = Release|Any CPU
		{282F37B4-3938-49DF-B34D-DF40CD423570}.Release|x64.Build.0 = Release|Any CPU
		{282F37B4-3938-49DF-B34D-DF40CD423570}.Release|x86.ActiveCfg = Release|Any CPU
		{282F37B4-3938-49DF-B34D-DF40CD423570}.Release|x86.Build.0 = Release|Any CPU
		{0C78DF1C-DC74-49A5-A350-FC9ECB18599B}.Debug|Any CPU.ActiveCfg = Debug|Any CPU
		{0C78DF1C-DC74-49A5-A350-FC9ECB18599B}.Debug|Any CPU.Build.0 = Debug|Any CPU
		{0C78DF1C-DC74-49A5-A350-FC9ECB18599B}.Debug|x64.ActiveCfg = Debug|Any CPU
		{0C78DF1C-DC74-49A5-A350-FC9ECB18599B}.Debug|x64.Build.0 = Debug|Any CPU
		{0C78DF1C-DC74-49A5-A350-FC9ECB18599B}.Debug|x86.ActiveCfg = Debug|Any CPU
		{0C78DF1C-DC74-49A5-A350-FC9ECB18599B}.Debug|x86.Build.0 = Debug|Any CPU
		{0C78DF1C-DC74-49A5-A350-FC9ECB18599B}.Release|Any CPU.ActiveCfg = Release|Any CPU
		{0C78DF1C-DC74-49A5-A350-FC9ECB18599B}.Release|Any CPU.Build.0 = Release|Any CPU
		{0C78DF1C-DC74-49A5-A350-FC9ECB18599B}.Release|x64.ActiveCfg = Release|Any CPU
		{0C78DF1C-DC74-49A5-A350-FC9ECB18599B}.Release|x64.Build.0 = Release|Any CPU
		{0C78DF1C-DC74-49A5-A350-FC9ECB18599B}.Release|x86.ActiveCfg = Release|Any CPU
		{0C78DF1C-DC74-49A5-A350-FC9ECB18599B}.Release|x86.Build.0 = Release|Any CPU
		{E12CC2B8-6BCF-4128-9E6A-B5580962BC54}.Debug|Any CPU.ActiveCfg = Debug|Any CPU
		{E12CC2B8-6BCF-4128-9E6A-B5580962BC54}.Debug|Any CPU.Build.0 = Debug|Any CPU
		{E12CC2B8-6BCF-4128-9E6A-B5580962BC54}.Debug|x64.ActiveCfg = Debug|Any CPU
		{E12CC2B8-6BCF-4128-9E6A-B5580962BC54}.Debug|x64.Build.0 = Debug|Any CPU
		{E12CC2B8-6BCF-4128-9E6A-B5580962BC54}.Debug|x86.ActiveCfg = Debug|Any CPU
		{E12CC2B8-6BCF-4128-9E6A-B5580962BC54}.Debug|x86.Build.0 = Debug|Any CPU
		{E12CC2B8-6BCF-4128-9E6A-B5580962BC54}.Release|Any CPU.ActiveCfg = Release|Any CPU
		{E12CC2B8-6BCF-4128-9E6A-B5580962BC54}.Release|Any CPU.Build.0 = Release|Any CPU
		{E12CC2B8-6BCF-4128-9E6A-B5580962BC54}.Release|x64.ActiveCfg = Release|Any CPU
		{E12CC2B8-6BCF-4128-9E6A-B5580962BC54}.Release|x64.Build.0 = Release|Any CPU
		{E12CC2B8-6BCF-4128-9E6A-B5580962BC54}.Release|x86.ActiveCfg = Release|Any CPU
		{E12CC2B8-6BCF-4128-9E6A-B5580962BC54}.Release|x86.Build.0 = Release|Any CPU
		{21827305-9461-45C5-88C7-73098C5DD93F}.Debug|Any CPU.ActiveCfg = Debug|Any CPU
		{21827305-9461-45C5-88C7-73098C5DD93F}.Debug|Any CPU.Build.0 = Debug|Any CPU
		{21827305-9461-45C5-88C7-73098C5DD93F}.Debug|x64.ActiveCfg = Debug|Any CPU
		{21827305-9461-45C5-88C7-73098C5DD93F}.Debug|x64.Build.0 = Debug|Any CPU
		{21827305-9461-45C5-88C7-73098C5DD93F}.Debug|x86.ActiveCfg = Debug|Any CPU
		{21827305-9461-45C5-88C7-73098C5DD93F}.Debug|x86.Build.0 = Debug|Any CPU
		{21827305-9461-45C5-88C7-73098C5DD93F}.Release|Any CPU.ActiveCfg = Release|Any CPU
		{21827305-9461-45C5-88C7-73098C5DD93F}.Release|Any CPU.Build.0 = Release|Any CPU
		{21827305-9461-45C5-88C7-73098C5DD93F}.Release|x64.ActiveCfg = Release|Any CPU
		{21827305-9461-45C5-88C7-73098C5DD93F}.Release|x64.Build.0 = Release|Any CPU
		{21827305-9461-45C5-88C7-73098C5DD93F}.Release|x86.ActiveCfg = Release|Any CPU
		{21827305-9461-45C5-88C7-73098C5DD93F}.Release|x86.Build.0 = Release|Any CPU
		{3787F063-1BEF-4C52-A3AF-C66CFCF18A90}.Debug|Any CPU.ActiveCfg = Debug|Any CPU
		{3787F063-1BEF-4C52-A3AF-C66CFCF18A90}.Debug|Any CPU.Build.0 = Debug|Any CPU
		{3787F063-1BEF-4C52-A3AF-C66CFCF18A90}.Debug|x64.ActiveCfg = Debug|Any CPU
		{3787F063-1BEF-4C52-A3AF-C66CFCF18A90}.Debug|x64.Build.0 = Debug|Any CPU
		{3787F063-1BEF-4C52-A3AF-C66CFCF18A90}.Debug|x86.ActiveCfg = Debug|Any CPU
		{3787F063-1BEF-4C52-A3AF-C66CFCF18A90}.Debug|x86.Build.0 = Debug|Any CPU
		{3787F063-1BEF-4C52-A3AF-C66CFCF18A90}.Release|Any CPU.ActiveCfg = Release|Any CPU
		{3787F063-1BEF-4C52-A3AF-C66CFCF18A90}.Release|Any CPU.Build.0 = Release|Any CPU
		{3787F063-1BEF-4C52-A3AF-C66CFCF18A90}.Release|x64.ActiveCfg = Release|Any CPU
		{3787F063-1BEF-4C52-A3AF-C66CFCF18A90}.Release|x64.Build.0 = Release|Any CPU
		{3787F063-1BEF-4C52-A3AF-C66CFCF18A90}.Release|x86.ActiveCfg = Release|Any CPU
		{3787F063-1BEF-4C52-A3AF-C66CFCF18A90}.Release|x86.Build.0 = Release|Any CPU
		{80D1BD29-DF13-4073-914E-CF4341FC70E6}.Debug|Any CPU.ActiveCfg = Debug|Any CPU
		{80D1BD29-DF13-4073-914E-CF4341FC70E6}.Debug|Any CPU.Build.0 = Debug|Any CPU
		{80D1BD29-DF13-4073-914E-CF4341FC70E6}.Debug|x64.ActiveCfg = Debug|Any CPU
		{80D1BD29-DF13-4073-914E-CF4341FC70E6}.Debug|x64.Build.0 = Debug|Any CPU
		{80D1BD29-DF13-4073-914E-CF4341FC70E6}.Debug|x86.ActiveCfg = Debug|Any CPU
		{80D1BD29-DF13-4073-914E-CF4341FC70E6}.Debug|x86.Build.0 = Debug|Any CPU
		{80D1BD29-DF13-4073-914E-CF4341FC70E6}.Release|Any CPU.ActiveCfg = Release|Any CPU
		{80D1BD29-DF13-4073-914E-CF4341FC70E6}.Release|Any CPU.Build.0 = Release|Any CPU
		{80D1BD29-DF13-4073-914E-CF4341FC70E6}.Release|x64.ActiveCfg = Release|Any CPU
		{80D1BD29-DF13-4073-914E-CF4341FC70E6}.Release|x64.Build.0 = Release|Any CPU
		{80D1BD29-DF13-4073-914E-CF4341FC70E6}.Release|x86.ActiveCfg = Release|Any CPU
		{80D1BD29-DF13-4073-914E-CF4341FC70E6}.Release|x86.Build.0 = Release|Any CPU
		{263B1925-0525-43BF-9147-E78262637102}.Debug|Any CPU.ActiveCfg = Debug|Any CPU
		{263B1925-0525-43BF-9147-E78262637102}.Debug|Any CPU.Build.0 = Debug|Any CPU
		{263B1925-0525-43BF-9147-E78262637102}.Debug|x64.ActiveCfg = Debug|Any CPU
		{263B1925-0525-43BF-9147-E78262637102}.Debug|x64.Build.0 = Debug|Any CPU
		{263B1925-0525-43BF-9147-E78262637102}.Debug|x86.ActiveCfg = Debug|Any CPU
		{263B1925-0525-43BF-9147-E78262637102}.Debug|x86.Build.0 = Debug|Any CPU
		{263B1925-0525-43BF-9147-E78262637102}.Release|Any CPU.ActiveCfg = Release|Any CPU
		{263B1925-0525-43BF-9147-E78262637102}.Release|Any CPU.Build.0 = Release|Any CPU
		{263B1925-0525-43BF-9147-E78262637102}.Release|x64.ActiveCfg = Release|Any CPU
		{263B1925-0525-43BF-9147-E78262637102}.Release|x64.Build.0 = Release|Any CPU
		{263B1925-0525-43BF-9147-E78262637102}.Release|x86.ActiveCfg = Release|Any CPU
		{263B1925-0525-43BF-9147-E78262637102}.Release|x86.Build.0 = Release|Any CPU
		{8EA9DFD1-D6E7-4D65-803C-DB66453CD02C}.Debug|Any CPU.ActiveCfg = Debug|Any CPU
		{8EA9DFD1-D6E7-4D65-803C-DB66453CD02C}.Debug|Any CPU.Build.0 = Debug|Any CPU
		{8EA9DFD1-D6E7-4D65-803C-DB66453CD02C}.Debug|x64.ActiveCfg = Debug|Any CPU
		{8EA9DFD1-D6E7-4D65-803C-DB66453CD02C}.Debug|x64.Build.0 = Debug|Any CPU
		{8EA9DFD1-D6E7-4D65-803C-DB66453CD02C}.Debug|x86.ActiveCfg = Debug|Any CPU
		{8EA9DFD1-D6E7-4D65-803C-DB66453CD02C}.Debug|x86.Build.0 = Debug|Any CPU
		{8EA9DFD1-D6E7-4D65-803C-DB66453CD02C}.Release|Any CPU.ActiveCfg = Release|Any CPU
		{8EA9DFD1-D6E7-4D65-803C-DB66453CD02C}.Release|Any CPU.Build.0 = Release|Any CPU
		{8EA9DFD1-D6E7-4D65-803C-DB66453CD02C}.Release|x64.ActiveCfg = Release|Any CPU
		{8EA9DFD1-D6E7-4D65-803C-DB66453CD02C}.Release|x64.Build.0 = Release|Any CPU
		{8EA9DFD1-D6E7-4D65-803C-DB66453CD02C}.Release|x86.ActiveCfg = Release|Any CPU
		{8EA9DFD1-D6E7-4D65-803C-DB66453CD02C}.Release|x86.Build.0 = Release|Any CPU
		{7A7857DC-1736-44C6-8CC8-F763239168F6}.Debug|Any CPU.ActiveCfg = Debug|Any CPU
		{7A7857DC-1736-44C6-8CC8-F763239168F6}.Debug|Any CPU.Build.0 = Debug|Any CPU
		{7A7857DC-1736-44C6-8CC8-F763239168F6}.Debug|x64.ActiveCfg = Debug|Any CPU
		{7A7857DC-1736-44C6-8CC8-F763239168F6}.Debug|x64.Build.0 = Debug|Any CPU
		{7A7857DC-1736-44C6-8CC8-F763239168F6}.Debug|x86.ActiveCfg = Debug|Any CPU
		{7A7857DC-1736-44C6-8CC8-F763239168F6}.Debug|x86.Build.0 = Debug|Any CPU
		{7A7857DC-1736-44C6-8CC8-F763239168F6}.Release|Any CPU.ActiveCfg = Release|Any CPU
		{7A7857DC-1736-44C6-8CC8-F763239168F6}.Release|Any CPU.Build.0 = Release|Any CPU
		{7A7857DC-1736-44C6-8CC8-F763239168F6}.Release|x64.ActiveCfg = Release|Any CPU
		{7A7857DC-1736-44C6-8CC8-F763239168F6}.Release|x64.Build.0 = Release|Any CPU
		{7A7857DC-1736-44C6-8CC8-F763239168F6}.Release|x86.ActiveCfg = Release|Any CPU
		{7A7857DC-1736-44C6-8CC8-F763239168F6}.Release|x86.Build.0 = Release|Any CPU
		{C157E288-026A-40F3-B786-38068114BE13}.Debug|Any CPU.ActiveCfg = Debug|Any CPU
		{C157E288-026A-40F3-B786-38068114BE13}.Debug|Any CPU.Build.0 = Debug|Any CPU
		{C157E288-026A-40F3-B786-38068114BE13}.Debug|x64.ActiveCfg = Debug|Any CPU
		{C157E288-026A-40F3-B786-38068114BE13}.Debug|x64.Build.0 = Debug|Any CPU
		{C157E288-026A-40F3-B786-38068114BE13}.Debug|x86.ActiveCfg = Debug|Any CPU
		{C157E288-026A-40F3-B786-38068114BE13}.Debug|x86.Build.0 = Debug|Any CPU
		{C157E288-026A-40F3-B786-38068114BE13}.Release|Any CPU.ActiveCfg = Release|Any CPU
		{C157E288-026A-40F3-B786-38068114BE13}.Release|Any CPU.Build.0 = Release|Any CPU
		{C157E288-026A-40F3-B786-38068114BE13}.Release|x64.ActiveCfg = Release|Any CPU
		{C157E288-026A-40F3-B786-38068114BE13}.Release|x64.Build.0 = Release|Any CPU
		{C157E288-026A-40F3-B786-38068114BE13}.Release|x86.ActiveCfg = Release|Any CPU
		{C157E288-026A-40F3-B786-38068114BE13}.Release|x86.Build.0 = Release|Any CPU
		{E2A0EC27-B0C1-4653-B620-A09FC265EDB7}.Debug|Any CPU.ActiveCfg = Debug|Any CPU
		{E2A0EC27-B0C1-4653-B620-A09FC265EDB7}.Debug|Any CPU.Build.0 = Debug|Any CPU
		{E2A0EC27-B0C1-4653-B620-A09FC265EDB7}.Debug|x64.ActiveCfg = Debug|Any CPU
		{E2A0EC27-B0C1-4653-B620-A09FC265EDB7}.Debug|x64.Build.0 = Debug|Any CPU
		{E2A0EC27-B0C1-4653-B620-A09FC265EDB7}.Debug|x86.ActiveCfg = Debug|Any CPU
		{E2A0EC27-B0C1-4653-B620-A09FC265EDB7}.Debug|x86.Build.0 = Debug|Any CPU
		{E2A0EC27-B0C1-4653-B620-A09FC265EDB7}.Release|Any CPU.ActiveCfg = Release|Any CPU
		{E2A0EC27-B0C1-4653-B620-A09FC265EDB7}.Release|Any CPU.Build.0 = Release|Any CPU
		{E2A0EC27-B0C1-4653-B620-A09FC265EDB7}.Release|x64.ActiveCfg = Release|Any CPU
		{E2A0EC27-B0C1-4653-B620-A09FC265EDB7}.Release|x64.Build.0 = Release|Any CPU
		{E2A0EC27-B0C1-4653-B620-A09FC265EDB7}.Release|x86.ActiveCfg = Release|Any CPU
		{E2A0EC27-B0C1-4653-B620-A09FC265EDB7}.Release|x86.Build.0 = Release|Any CPU
		{17225A73-1F3B-498C-948B-519337F5C001}.Debug|Any CPU.ActiveCfg = Debug|Any CPU
		{17225A73-1F3B-498C-948B-519337F5C001}.Debug|Any CPU.Build.0 = Debug|Any CPU
		{17225A73-1F3B-498C-948B-519337F5C001}.Debug|x64.ActiveCfg = Debug|Any CPU
		{17225A73-1F3B-498C-948B-519337F5C001}.Debug|x64.Build.0 = Debug|Any CPU
		{17225A73-1F3B-498C-948B-519337F5C001}.Debug|x86.ActiveCfg = Debug|Any CPU
		{17225A73-1F3B-498C-948B-519337F5C001}.Debug|x86.Build.0 = Debug|Any CPU
		{17225A73-1F3B-498C-948B-519337F5C001}.Release|Any CPU.ActiveCfg = Release|Any CPU
		{17225A73-1F3B-498C-948B-519337F5C001}.Release|Any CPU.Build.0 = Release|Any CPU
		{17225A73-1F3B-498C-948B-519337F5C001}.Release|x64.ActiveCfg = Release|Any CPU
		{17225A73-1F3B-498C-948B-519337F5C001}.Release|x64.Build.0 = Release|Any CPU
		{17225A73-1F3B-498C-948B-519337F5C001}.Release|x86.ActiveCfg = Release|Any CPU
		{17225A73-1F3B-498C-948B-519337F5C001}.Release|x86.Build.0 = Release|Any CPU
		{384251DC-9AD0-4DC4-8AFD-8C5B405667AB}.Debug|Any CPU.ActiveCfg = Debug|Any CPU
		{384251DC-9AD0-4DC4-8AFD-8C5B405667AB}.Debug|Any CPU.Build.0 = Debug|Any CPU
		{384251DC-9AD0-4DC4-8AFD-8C5B405667AB}.Debug|x64.ActiveCfg = Debug|Any CPU
		{384251DC-9AD0-4DC4-8AFD-8C5B405667AB}.Debug|x64.Build.0 = Debug|Any CPU
		{384251DC-9AD0-4DC4-8AFD-8C5B405667AB}.Debug|x86.ActiveCfg = Debug|Any CPU
		{384251DC-9AD0-4DC4-8AFD-8C5B405667AB}.Debug|x86.Build.0 = Debug|Any CPU
		{384251DC-9AD0-4DC4-8AFD-8C5B405667AB}.Release|Any CPU.ActiveCfg = Release|Any CPU
		{384251DC-9AD0-4DC4-8AFD-8C5B405667AB}.Release|Any CPU.Build.0 = Release|Any CPU
		{384251DC-9AD0-4DC4-8AFD-8C5B405667AB}.Release|x64.ActiveCfg = Release|Any CPU
		{384251DC-9AD0-4DC4-8AFD-8C5B405667AB}.Release|x64.Build.0 = Release|Any CPU
		{384251DC-9AD0-4DC4-8AFD-8C5B405667AB}.Release|x86.ActiveCfg = Release|Any CPU
		{384251DC-9AD0-4DC4-8AFD-8C5B405667AB}.Release|x86.Build.0 = Release|Any CPU
		{75511A26-6130-4DD6-B6F8-A628700BB6D1}.Debug|Any CPU.ActiveCfg = Debug|Any CPU
		{75511A26-6130-4DD6-B6F8-A628700BB6D1}.Debug|Any CPU.Build.0 = Debug|Any CPU
		{75511A26-6130-4DD6-B6F8-A628700BB6D1}.Debug|x64.ActiveCfg = Debug|Any CPU
		{75511A26-6130-4DD6-B6F8-A628700BB6D1}.Debug|x64.Build.0 = Debug|Any CPU
		{75511A26-6130-4DD6-B6F8-A628700BB6D1}.Debug|x86.ActiveCfg = Debug|Any CPU
		{75511A26-6130-4DD6-B6F8-A628700BB6D1}.Debug|x86.Build.0 = Debug|Any CPU
		{75511A26-6130-4DD6-B6F8-A628700BB6D1}.Release|Any CPU.ActiveCfg = Release|Any CPU
		{75511A26-6130-4DD6-B6F8-A628700BB6D1}.Release|Any CPU.Build.0 = Release|Any CPU
		{75511A26-6130-4DD6-B6F8-A628700BB6D1}.Release|x64.ActiveCfg = Release|Any CPU
		{75511A26-6130-4DD6-B6F8-A628700BB6D1}.Release|x64.Build.0 = Release|Any CPU
		{75511A26-6130-4DD6-B6F8-A628700BB6D1}.Release|x86.ActiveCfg = Release|Any CPU
		{75511A26-6130-4DD6-B6F8-A628700BB6D1}.Release|x86.Build.0 = Release|Any CPU
		{A0536EDB-673F-4BA9-9338-591B9251C9C2}.Debug|Any CPU.ActiveCfg = Debug|Any CPU
		{A0536EDB-673F-4BA9-9338-591B9251C9C2}.Debug|Any CPU.Build.0 = Debug|Any CPU
		{A0536EDB-673F-4BA9-9338-591B9251C9C2}.Debug|x64.ActiveCfg = Debug|Any CPU
		{A0536EDB-673F-4BA9-9338-591B9251C9C2}.Debug|x64.Build.0 = Debug|Any CPU
		{A0536EDB-673F-4BA9-9338-591B9251C9C2}.Debug|x86.ActiveCfg = Debug|Any CPU
		{A0536EDB-673F-4BA9-9338-591B9251C9C2}.Debug|x86.Build.0 = Debug|Any CPU
		{A0536EDB-673F-4BA9-9338-591B9251C9C2}.Release|Any CPU.ActiveCfg = Release|Any CPU
		{A0536EDB-673F-4BA9-9338-591B9251C9C2}.Release|Any CPU.Build.0 = Release|Any CPU
		{A0536EDB-673F-4BA9-9338-591B9251C9C2}.Release|x64.ActiveCfg = Release|Any CPU
		{A0536EDB-673F-4BA9-9338-591B9251C9C2}.Release|x64.Build.0 = Release|Any CPU
		{A0536EDB-673F-4BA9-9338-591B9251C9C2}.Release|x86.ActiveCfg = Release|Any CPU
		{A0536EDB-673F-4BA9-9338-591B9251C9C2}.Release|x86.Build.0 = Release|Any CPU
		{1096C3A9-5D61-43DD-AB95-075CD2B478CF}.Debug|Any CPU.ActiveCfg = Debug|Any CPU
		{1096C3A9-5D61-43DD-AB95-075CD2B478CF}.Debug|Any CPU.Build.0 = Debug|Any CPU
		{1096C3A9-5D61-43DD-AB95-075CD2B478CF}.Debug|x64.ActiveCfg = Debug|Any CPU
		{1096C3A9-5D61-43DD-AB95-075CD2B478CF}.Debug|x64.Build.0 = Debug|Any CPU
		{1096C3A9-5D61-43DD-AB95-075CD2B478CF}.Debug|x86.ActiveCfg = Debug|Any CPU
		{1096C3A9-5D61-43DD-AB95-075CD2B478CF}.Debug|x86.Build.0 = Debug|Any CPU
		{1096C3A9-5D61-43DD-AB95-075CD2B478CF}.Release|Any CPU.ActiveCfg = Release|Any CPU
		{1096C3A9-5D61-43DD-AB95-075CD2B478CF}.Release|Any CPU.Build.0 = Release|Any CPU
		{1096C3A9-5D61-43DD-AB95-075CD2B478CF}.Release|x64.ActiveCfg = Release|Any CPU
		{1096C3A9-5D61-43DD-AB95-075CD2B478CF}.Release|x64.Build.0 = Release|Any CPU
		{1096C3A9-5D61-43DD-AB95-075CD2B478CF}.Release|x86.ActiveCfg = Release|Any CPU
		{1096C3A9-5D61-43DD-AB95-075CD2B478CF}.Release|x86.Build.0 = Release|Any CPU
		{CD2386DD-C59A-45CA-BEE8-CDC58CF2DFDD}.Debug|Any CPU.ActiveCfg = Debug|Any CPU
		{CD2386DD-C59A-45CA-BEE8-CDC58CF2DFDD}.Debug|Any CPU.Build.0 = Debug|Any CPU
		{CD2386DD-C59A-45CA-BEE8-CDC58CF2DFDD}.Debug|x64.ActiveCfg = Debug|Any CPU
		{CD2386DD-C59A-45CA-BEE8-CDC58CF2DFDD}.Debug|x64.Build.0 = Debug|Any CPU
		{CD2386DD-C59A-45CA-BEE8-CDC58CF2DFDD}.Debug|x86.ActiveCfg = Debug|Any CPU
		{CD2386DD-C59A-45CA-BEE8-CDC58CF2DFDD}.Debug|x86.Build.0 = Debug|Any CPU
		{CD2386DD-C59A-45CA-BEE8-CDC58CF2DFDD}.Release|Any CPU.ActiveCfg = Release|Any CPU
		{CD2386DD-C59A-45CA-BEE8-CDC58CF2DFDD}.Release|Any CPU.Build.0 = Release|Any CPU
		{CD2386DD-C59A-45CA-BEE8-CDC58CF2DFDD}.Release|x64.ActiveCfg = Release|Any CPU
		{CD2386DD-C59A-45CA-BEE8-CDC58CF2DFDD}.Release|x64.Build.0 = Release|Any CPU
		{CD2386DD-C59A-45CA-BEE8-CDC58CF2DFDD}.Release|x86.ActiveCfg = Release|Any CPU
		{CD2386DD-C59A-45CA-BEE8-CDC58CF2DFDD}.Release|x86.Build.0 = Release|Any CPU
		{7085395F-3E35-4935-8BEC-A22E34975A46}.Debug|Any CPU.ActiveCfg = Debug|Any CPU
		{7085395F-3E35-4935-8BEC-A22E34975A46}.Debug|Any CPU.Build.0 = Debug|Any CPU
		{7085395F-3E35-4935-8BEC-A22E34975A46}.Debug|x64.ActiveCfg = Debug|Any CPU
		{7085395F-3E35-4935-8BEC-A22E34975A46}.Debug|x64.Build.0 = Debug|Any CPU
		{7085395F-3E35-4935-8BEC-A22E34975A46}.Debug|x86.ActiveCfg = Debug|Any CPU
		{7085395F-3E35-4935-8BEC-A22E34975A46}.Debug|x86.Build.0 = Debug|Any CPU
		{7085395F-3E35-4935-8BEC-A22E34975A46}.Release|Any CPU.ActiveCfg = Release|Any CPU
		{7085395F-3E35-4935-8BEC-A22E34975A46}.Release|Any CPU.Build.0 = Release|Any CPU
		{7085395F-3E35-4935-8BEC-A22E34975A46}.Release|x64.ActiveCfg = Release|Any CPU
		{7085395F-3E35-4935-8BEC-A22E34975A46}.Release|x64.Build.0 = Release|Any CPU
		{7085395F-3E35-4935-8BEC-A22E34975A46}.Release|x86.ActiveCfg = Release|Any CPU
		{7085395F-3E35-4935-8BEC-A22E34975A46}.Release|x86.Build.0 = Release|Any CPU
		{64A3DC6D-D98B-460D-9096-303D4856AACD}.Debug|Any CPU.ActiveCfg = Debug|Any CPU
		{64A3DC6D-D98B-460D-9096-303D4856AACD}.Debug|Any CPU.Build.0 = Debug|Any CPU
		{64A3DC6D-D98B-460D-9096-303D4856AACD}.Debug|x64.ActiveCfg = Debug|Any CPU
		{64A3DC6D-D98B-460D-9096-303D4856AACD}.Debug|x64.Build.0 = Debug|Any CPU
		{64A3DC6D-D98B-460D-9096-303D4856AACD}.Debug|x86.ActiveCfg = Debug|Any CPU
		{64A3DC6D-D98B-460D-9096-303D4856AACD}.Debug|x86.Build.0 = Debug|Any CPU
		{64A3DC6D-D98B-460D-9096-303D4856AACD}.Release|Any CPU.ActiveCfg = Release|Any CPU
		{64A3DC6D-D98B-460D-9096-303D4856AACD}.Release|Any CPU.Build.0 = Release|Any CPU
		{64A3DC6D-D98B-460D-9096-303D4856AACD}.Release|x64.ActiveCfg = Release|Any CPU
		{64A3DC6D-D98B-460D-9096-303D4856AACD}.Release|x64.Build.0 = Release|Any CPU
		{64A3DC6D-D98B-460D-9096-303D4856AACD}.Release|x86.ActiveCfg = Release|Any CPU
		{64A3DC6D-D98B-460D-9096-303D4856AACD}.Release|x86.Build.0 = Release|Any CPU
		{0908A96C-2FC0-4F13-8AFB-A4698036E2EB}.Debug|Any CPU.ActiveCfg = Debug|Any CPU
		{0908A96C-2FC0-4F13-8AFB-A4698036E2EB}.Debug|Any CPU.Build.0 = Debug|Any CPU
		{0908A96C-2FC0-4F13-8AFB-A4698036E2EB}.Debug|x64.ActiveCfg = Debug|Any CPU
		{0908A96C-2FC0-4F13-8AFB-A4698036E2EB}.Debug|x64.Build.0 = Debug|Any CPU
		{0908A96C-2FC0-4F13-8AFB-A4698036E2EB}.Debug|x86.ActiveCfg = Debug|Any CPU
		{0908A96C-2FC0-4F13-8AFB-A4698036E2EB}.Debug|x86.Build.0 = Debug|Any CPU
		{0908A96C-2FC0-4F13-8AFB-A4698036E2EB}.Release|Any CPU.ActiveCfg = Release|Any CPU
		{0908A96C-2FC0-4F13-8AFB-A4698036E2EB}.Release|Any CPU.Build.0 = Release|Any CPU
		{0908A96C-2FC0-4F13-8AFB-A4698036E2EB}.Release|x64.ActiveCfg = Release|Any CPU
		{0908A96C-2FC0-4F13-8AFB-A4698036E2EB}.Release|x64.Build.0 = Release|Any CPU
		{0908A96C-2FC0-4F13-8AFB-A4698036E2EB}.Release|x86.ActiveCfg = Release|Any CPU
		{0908A96C-2FC0-4F13-8AFB-A4698036E2EB}.Release|x86.Build.0 = Release|Any CPU
		{7D7D588E-1BF4-49AC-A51E-E6C01C98995E}.Debug|Any CPU.ActiveCfg = Debug|Any CPU
		{7D7D588E-1BF4-49AC-A51E-E6C01C98995E}.Debug|Any CPU.Build.0 = Debug|Any CPU
		{7D7D588E-1BF4-49AC-A51E-E6C01C98995E}.Debug|x64.ActiveCfg = Debug|Any CPU
		{7D7D588E-1BF4-49AC-A51E-E6C01C98995E}.Debug|x64.Build.0 = Debug|Any CPU
		{7D7D588E-1BF4-49AC-A51E-E6C01C98995E}.Debug|x86.ActiveCfg = Debug|Any CPU
		{7D7D588E-1BF4-49AC-A51E-E6C01C98995E}.Debug|x86.Build.0 = Debug|Any CPU
		{7D7D588E-1BF4-49AC-A51E-E6C01C98995E}.Release|Any CPU.ActiveCfg = Release|Any CPU
		{7D7D588E-1BF4-49AC-A51E-E6C01C98995E}.Release|Any CPU.Build.0 = Release|Any CPU
		{7D7D588E-1BF4-49AC-A51E-E6C01C98995E}.Release|x64.ActiveCfg = Release|Any CPU
		{7D7D588E-1BF4-49AC-A51E-E6C01C98995E}.Release|x64.Build.0 = Release|Any CPU
		{7D7D588E-1BF4-49AC-A51E-E6C01C98995E}.Release|x86.ActiveCfg = Release|Any CPU
		{7D7D588E-1BF4-49AC-A51E-E6C01C98995E}.Release|x86.Build.0 = Release|Any CPU
		{03B873A4-2A30-4846-B390-60A197B0E1AD}.Debug|Any CPU.ActiveCfg = Debug|Any CPU
		{03B873A4-2A30-4846-B390-60A197B0E1AD}.Debug|Any CPU.Build.0 = Debug|Any CPU
		{03B873A4-2A30-4846-B390-60A197B0E1AD}.Debug|x64.ActiveCfg = Debug|Any CPU
		{03B873A4-2A30-4846-B390-60A197B0E1AD}.Debug|x64.Build.0 = Debug|Any CPU
		{03B873A4-2A30-4846-B390-60A197B0E1AD}.Debug|x86.ActiveCfg = Debug|Any CPU
		{03B873A4-2A30-4846-B390-60A197B0E1AD}.Debug|x86.Build.0 = Debug|Any CPU
		{03B873A4-2A30-4846-B390-60A197B0E1AD}.Release|Any CPU.ActiveCfg = Release|Any CPU
		{03B873A4-2A30-4846-B390-60A197B0E1AD}.Release|Any CPU.Build.0 = Release|Any CPU
		{03B873A4-2A30-4846-B390-60A197B0E1AD}.Release|x64.ActiveCfg = Release|Any CPU
		{03B873A4-2A30-4846-B390-60A197B0E1AD}.Release|x64.Build.0 = Release|Any CPU
		{03B873A4-2A30-4846-B390-60A197B0E1AD}.Release|x86.ActiveCfg = Release|Any CPU
		{03B873A4-2A30-4846-B390-60A197B0E1AD}.Release|x86.Build.0 = Release|Any CPU
		{4AB8581C-6C43-4A56-87E4-12E8C4E0E38F}.Debug|Any CPU.ActiveCfg = Debug|Any CPU
		{4AB8581C-6C43-4A56-87E4-12E8C4E0E38F}.Debug|Any CPU.Build.0 = Debug|Any CPU
		{4AB8581C-6C43-4A56-87E4-12E8C4E0E38F}.Debug|x64.ActiveCfg = Debug|Any CPU
		{4AB8581C-6C43-4A56-87E4-12E8C4E0E38F}.Debug|x64.Build.0 = Debug|Any CPU
		{4AB8581C-6C43-4A56-87E4-12E8C4E0E38F}.Debug|x86.ActiveCfg = Debug|Any CPU
		{4AB8581C-6C43-4A56-87E4-12E8C4E0E38F}.Debug|x86.Build.0 = Debug|Any CPU
		{4AB8581C-6C43-4A56-87E4-12E8C4E0E38F}.Release|Any CPU.ActiveCfg = Release|Any CPU
		{4AB8581C-6C43-4A56-87E4-12E8C4E0E38F}.Release|Any CPU.Build.0 = Release|Any CPU
		{4AB8581C-6C43-4A56-87E4-12E8C4E0E38F}.Release|x64.ActiveCfg = Release|Any CPU
		{4AB8581C-6C43-4A56-87E4-12E8C4E0E38F}.Release|x64.Build.0 = Release|Any CPU
		{4AB8581C-6C43-4A56-87E4-12E8C4E0E38F}.Release|x86.ActiveCfg = Release|Any CPU
		{4AB8581C-6C43-4A56-87E4-12E8C4E0E38F}.Release|x86.Build.0 = Release|Any CPU
		{EACF15A5-B098-48ED-9E20-C9C213FE701A}.Debug|Any CPU.ActiveCfg = Debug|Any CPU
		{EACF15A5-B098-48ED-9E20-C9C213FE701A}.Debug|Any CPU.Build.0 = Debug|Any CPU
		{EACF15A5-B098-48ED-9E20-C9C213FE701A}.Debug|x64.ActiveCfg = Debug|Any CPU
		{EACF15A5-B098-48ED-9E20-C9C213FE701A}.Debug|x64.Build.0 = Debug|Any CPU
		{EACF15A5-B098-48ED-9E20-C9C213FE701A}.Debug|x86.ActiveCfg = Debug|Any CPU
		{EACF15A5-B098-48ED-9E20-C9C213FE701A}.Debug|x86.Build.0 = Debug|Any CPU
		{EACF15A5-B098-48ED-9E20-C9C213FE701A}.Release|Any CPU.ActiveCfg = Release|Any CPU
		{EACF15A5-B098-48ED-9E20-C9C213FE701A}.Release|Any CPU.Build.0 = Release|Any CPU
		{EACF15A5-B098-48ED-9E20-C9C213FE701A}.Release|x64.ActiveCfg = Release|Any CPU
		{EACF15A5-B098-48ED-9E20-C9C213FE701A}.Release|x64.Build.0 = Release|Any CPU
		{EACF15A5-B098-48ED-9E20-C9C213FE701A}.Release|x86.ActiveCfg = Release|Any CPU
		{EACF15A5-B098-48ED-9E20-C9C213FE701A}.Release|x86.Build.0 = Release|Any CPU
		{59E40B82-88DA-422F-8A98-B50B88BE5CA6}.Debug|Any CPU.ActiveCfg = Debug|Any CPU
		{59E40B82-88DA-422F-8A98-B50B88BE5CA6}.Debug|Any CPU.Build.0 = Debug|Any CPU
		{59E40B82-88DA-422F-8A98-B50B88BE5CA6}.Debug|x64.ActiveCfg = Debug|Any CPU
		{59E40B82-88DA-422F-8A98-B50B88BE5CA6}.Debug|x64.Build.0 = Debug|Any CPU
		{59E40B82-88DA-422F-8A98-B50B88BE5CA6}.Debug|x86.ActiveCfg = Debug|Any CPU
		{59E40B82-88DA-422F-8A98-B50B88BE5CA6}.Debug|x86.Build.0 = Debug|Any CPU
		{59E40B82-88DA-422F-8A98-B50B88BE5CA6}.Release|Any CPU.ActiveCfg = Release|Any CPU
		{59E40B82-88DA-422F-8A98-B50B88BE5CA6}.Release|Any CPU.Build.0 = Release|Any CPU
		{59E40B82-88DA-422F-8A98-B50B88BE5CA6}.Release|x64.ActiveCfg = Release|Any CPU
		{59E40B82-88DA-422F-8A98-B50B88BE5CA6}.Release|x64.Build.0 = Release|Any CPU
		{59E40B82-88DA-422F-8A98-B50B88BE5CA6}.Release|x86.ActiveCfg = Release|Any CPU
		{59E40B82-88DA-422F-8A98-B50B88BE5CA6}.Release|x86.Build.0 = Release|Any CPU
		{BDE3E1C1-34D5-40A9-8E8D-1A20B97682D8}.Debug|Any CPU.ActiveCfg = Debug|Any CPU
		{BDE3E1C1-34D5-40A9-8E8D-1A20B97682D8}.Debug|Any CPU.Build.0 = Debug|Any CPU
		{BDE3E1C1-34D5-40A9-8E8D-1A20B97682D8}.Debug|x64.ActiveCfg = Debug|Any CPU
		{BDE3E1C1-34D5-40A9-8E8D-1A20B97682D8}.Debug|x64.Build.0 = Debug|Any CPU
		{BDE3E1C1-34D5-40A9-8E8D-1A20B97682D8}.Debug|x86.ActiveCfg = Debug|Any CPU
		{BDE3E1C1-34D5-40A9-8E8D-1A20B97682D8}.Debug|x86.Build.0 = Debug|Any CPU
		{BDE3E1C1-34D5-40A9-8E8D-1A20B97682D8}.Release|Any CPU.ActiveCfg = Release|Any CPU
		{BDE3E1C1-34D5-40A9-8E8D-1A20B97682D8}.Release|Any CPU.Build.0 = Release|Any CPU
		{BDE3E1C1-34D5-40A9-8E8D-1A20B97682D8}.Release|x64.ActiveCfg = Release|Any CPU
		{BDE3E1C1-34D5-40A9-8E8D-1A20B97682D8}.Release|x64.Build.0 = Release|Any CPU
		{BDE3E1C1-34D5-40A9-8E8D-1A20B97682D8}.Release|x86.ActiveCfg = Release|Any CPU
		{BDE3E1C1-34D5-40A9-8E8D-1A20B97682D8}.Release|x86.Build.0 = Release|Any CPU
		{E37ACCAA-322C-4B41-A119-1623C762C0D0}.Debug|Any CPU.ActiveCfg = Debug|Any CPU
		{E37ACCAA-322C-4B41-A119-1623C762C0D0}.Debug|Any CPU.Build.0 = Debug|Any CPU
		{E37ACCAA-322C-4B41-A119-1623C762C0D0}.Debug|x64.ActiveCfg = Debug|Any CPU
		{E37ACCAA-322C-4B41-A119-1623C762C0D0}.Debug|x64.Build.0 = Debug|Any CPU
		{E37ACCAA-322C-4B41-A119-1623C762C0D0}.Debug|x86.ActiveCfg = Debug|Any CPU
		{E37ACCAA-322C-4B41-A119-1623C762C0D0}.Debug|x86.Build.0 = Debug|Any CPU
		{E37ACCAA-322C-4B41-A119-1623C762C0D0}.Release|Any CPU.ActiveCfg = Release|Any CPU
		{E37ACCAA-322C-4B41-A119-1623C762C0D0}.Release|Any CPU.Build.0 = Release|Any CPU
		{E37ACCAA-322C-4B41-A119-1623C762C0D0}.Release|x64.ActiveCfg = Release|Any CPU
		{E37ACCAA-322C-4B41-A119-1623C762C0D0}.Release|x64.Build.0 = Release|Any CPU
		{E37ACCAA-322C-4B41-A119-1623C762C0D0}.Release|x86.ActiveCfg = Release|Any CPU
		{E37ACCAA-322C-4B41-A119-1623C762C0D0}.Release|x86.Build.0 = Release|Any CPU
		{7278AC7F-4F2A-43D4-9074-82D31651D1C7}.Debug|Any CPU.ActiveCfg = Debug|Any CPU
		{7278AC7F-4F2A-43D4-9074-82D31651D1C7}.Debug|Any CPU.Build.0 = Debug|Any CPU
		{7278AC7F-4F2A-43D4-9074-82D31651D1C7}.Debug|x64.ActiveCfg = Debug|Any CPU
		{7278AC7F-4F2A-43D4-9074-82D31651D1C7}.Debug|x64.Build.0 = Debug|Any CPU
		{7278AC7F-4F2A-43D4-9074-82D31651D1C7}.Debug|x86.ActiveCfg = Debug|Any CPU
		{7278AC7F-4F2A-43D4-9074-82D31651D1C7}.Debug|x86.Build.0 = Debug|Any CPU
		{7278AC7F-4F2A-43D4-9074-82D31651D1C7}.Release|Any CPU.ActiveCfg = Release|Any CPU
		{7278AC7F-4F2A-43D4-9074-82D31651D1C7}.Release|Any CPU.Build.0 = Release|Any CPU
		{7278AC7F-4F2A-43D4-9074-82D31651D1C7}.Release|x64.ActiveCfg = Release|Any CPU
		{7278AC7F-4F2A-43D4-9074-82D31651D1C7}.Release|x64.Build.0 = Release|Any CPU
		{7278AC7F-4F2A-43D4-9074-82D31651D1C7}.Release|x86.ActiveCfg = Release|Any CPU
		{7278AC7F-4F2A-43D4-9074-82D31651D1C7}.Release|x86.Build.0 = Release|Any CPU
		{741084FD-A6AD-4F28-8980-F1F8889493A1}.Debug|Any CPU.ActiveCfg = Debug|Any CPU
		{741084FD-A6AD-4F28-8980-F1F8889493A1}.Debug|Any CPU.Build.0 = Debug|Any CPU
		{741084FD-A6AD-4F28-8980-F1F8889493A1}.Debug|x64.ActiveCfg = Debug|Any CPU
		{741084FD-A6AD-4F28-8980-F1F8889493A1}.Debug|x64.Build.0 = Debug|Any CPU
		{741084FD-A6AD-4F28-8980-F1F8889493A1}.Debug|x86.ActiveCfg = Debug|Any CPU
		{741084FD-A6AD-4F28-8980-F1F8889493A1}.Debug|x86.Build.0 = Debug|Any CPU
		{741084FD-A6AD-4F28-8980-F1F8889493A1}.Release|Any CPU.ActiveCfg = Release|Any CPU
		{741084FD-A6AD-4F28-8980-F1F8889493A1}.Release|Any CPU.Build.0 = Release|Any CPU
		{741084FD-A6AD-4F28-8980-F1F8889493A1}.Release|x64.ActiveCfg = Release|Any CPU
		{741084FD-A6AD-4F28-8980-F1F8889493A1}.Release|x64.Build.0 = Release|Any CPU
		{741084FD-A6AD-4F28-8980-F1F8889493A1}.Release|x86.ActiveCfg = Release|Any CPU
		{741084FD-A6AD-4F28-8980-F1F8889493A1}.Release|x86.Build.0 = Release|Any CPU
		{8F464A14-1931-46D8-9324-254822EF3089}.Debug|Any CPU.ActiveCfg = Debug|Any CPU
		{8F464A14-1931-46D8-9324-254822EF3089}.Debug|Any CPU.Build.0 = Debug|Any CPU
		{8F464A14-1931-46D8-9324-254822EF3089}.Debug|x64.ActiveCfg = Debug|Any CPU
		{8F464A14-1931-46D8-9324-254822EF3089}.Debug|x64.Build.0 = Debug|Any CPU
		{8F464A14-1931-46D8-9324-254822EF3089}.Debug|x86.ActiveCfg = Debug|Any CPU
		{8F464A14-1931-46D8-9324-254822EF3089}.Debug|x86.Build.0 = Debug|Any CPU
		{8F464A14-1931-46D8-9324-254822EF3089}.Release|Any CPU.ActiveCfg = Release|Any CPU
		{8F464A14-1931-46D8-9324-254822EF3089}.Release|Any CPU.Build.0 = Release|Any CPU
		{8F464A14-1931-46D8-9324-254822EF3089}.Release|x64.ActiveCfg = Release|Any CPU
		{8F464A14-1931-46D8-9324-254822EF3089}.Release|x64.Build.0 = Release|Any CPU
		{8F464A14-1931-46D8-9324-254822EF3089}.Release|x86.ActiveCfg = Release|Any CPU
		{8F464A14-1931-46D8-9324-254822EF3089}.Release|x86.Build.0 = Release|Any CPU
		{D5ADDE66-55CB-482C-8DAE-FC99E8BF80ED}.Debug|Any CPU.ActiveCfg = Debug|Any CPU
		{D5ADDE66-55CB-482C-8DAE-FC99E8BF80ED}.Debug|Any CPU.Build.0 = Debug|Any CPU
		{D5ADDE66-55CB-482C-8DAE-FC99E8BF80ED}.Debug|x64.ActiveCfg = Debug|Any CPU
		{D5ADDE66-55CB-482C-8DAE-FC99E8BF80ED}.Debug|x64.Build.0 = Debug|Any CPU
		{D5ADDE66-55CB-482C-8DAE-FC99E8BF80ED}.Debug|x86.ActiveCfg = Debug|Any CPU
		{D5ADDE66-55CB-482C-8DAE-FC99E8BF80ED}.Debug|x86.Build.0 = Debug|Any CPU
		{D5ADDE66-55CB-482C-8DAE-FC99E8BF80ED}.Release|Any CPU.ActiveCfg = Release|Any CPU
		{D5ADDE66-55CB-482C-8DAE-FC99E8BF80ED}.Release|Any CPU.Build.0 = Release|Any CPU
		{D5ADDE66-55CB-482C-8DAE-FC99E8BF80ED}.Release|x64.ActiveCfg = Release|Any CPU
		{D5ADDE66-55CB-482C-8DAE-FC99E8BF80ED}.Release|x64.Build.0 = Release|Any CPU
		{D5ADDE66-55CB-482C-8DAE-FC99E8BF80ED}.Release|x86.ActiveCfg = Release|Any CPU
		{D5ADDE66-55CB-482C-8DAE-FC99E8BF80ED}.Release|x86.Build.0 = Release|Any CPU
		{999FC984-C349-481E-B5E2-8760D57F43D2}.Debug|Any CPU.ActiveCfg = Debug|Any CPU
		{999FC984-C349-481E-B5E2-8760D57F43D2}.Debug|Any CPU.Build.0 = Debug|Any CPU
		{999FC984-C349-481E-B5E2-8760D57F43D2}.Debug|x64.ActiveCfg = Debug|Any CPU
		{999FC984-C349-481E-B5E2-8760D57F43D2}.Debug|x64.Build.0 = Debug|Any CPU
		{999FC984-C349-481E-B5E2-8760D57F43D2}.Debug|x86.ActiveCfg = Debug|Any CPU
		{999FC984-C349-481E-B5E2-8760D57F43D2}.Debug|x86.Build.0 = Debug|Any CPU
		{999FC984-C349-481E-B5E2-8760D57F43D2}.Release|Any CPU.ActiveCfg = Release|Any CPU
		{999FC984-C349-481E-B5E2-8760D57F43D2}.Release|Any CPU.Build.0 = Release|Any CPU
		{999FC984-C349-481E-B5E2-8760D57F43D2}.Release|x64.ActiveCfg = Release|Any CPU
		{999FC984-C349-481E-B5E2-8760D57F43D2}.Release|x64.Build.0 = Release|Any CPU
		{999FC984-C349-481E-B5E2-8760D57F43D2}.Release|x86.ActiveCfg = Release|Any CPU
		{999FC984-C349-481E-B5E2-8760D57F43D2}.Release|x86.Build.0 = Release|Any CPU
		{8899245E-8A6E-4619-B3CF-CFEDEC6D86A5}.Debug|Any CPU.ActiveCfg = Debug|Any CPU
		{8899245E-8A6E-4619-B3CF-CFEDEC6D86A5}.Debug|Any CPU.Build.0 = Debug|Any CPU
		{8899245E-8A6E-4619-B3CF-CFEDEC6D86A5}.Debug|x64.ActiveCfg = Debug|Any CPU
		{8899245E-8A6E-4619-B3CF-CFEDEC6D86A5}.Debug|x64.Build.0 = Debug|Any CPU
		{8899245E-8A6E-4619-B3CF-CFEDEC6D86A5}.Debug|x86.ActiveCfg = Debug|Any CPU
		{8899245E-8A6E-4619-B3CF-CFEDEC6D86A5}.Debug|x86.Build.0 = Debug|Any CPU
		{8899245E-8A6E-4619-B3CF-CFEDEC6D86A5}.Release|Any CPU.ActiveCfg = Release|Any CPU
		{8899245E-8A6E-4619-B3CF-CFEDEC6D86A5}.Release|Any CPU.Build.0 = Release|Any CPU
		{8899245E-8A6E-4619-B3CF-CFEDEC6D86A5}.Release|x64.ActiveCfg = Release|Any CPU
		{8899245E-8A6E-4619-B3CF-CFEDEC6D86A5}.Release|x64.Build.0 = Release|Any CPU
		{8899245E-8A6E-4619-B3CF-CFEDEC6D86A5}.Release|x86.ActiveCfg = Release|Any CPU
		{8899245E-8A6E-4619-B3CF-CFEDEC6D86A5}.Release|x86.Build.0 = Release|Any CPU
		{27EA8C1E-FC08-4582-BFB9-B746E680B260}.Debug|Any CPU.ActiveCfg = Debug|Any CPU
		{27EA8C1E-FC08-4582-BFB9-B746E680B260}.Debug|Any CPU.Build.0 = Debug|Any CPU
		{27EA8C1E-FC08-4582-BFB9-B746E680B260}.Debug|x64.ActiveCfg = Debug|Any CPU
		{27EA8C1E-FC08-4582-BFB9-B746E680B260}.Debug|x64.Build.0 = Debug|Any CPU
		{27EA8C1E-FC08-4582-BFB9-B746E680B260}.Debug|x86.ActiveCfg = Debug|Any CPU
		{27EA8C1E-FC08-4582-BFB9-B746E680B260}.Debug|x86.Build.0 = Debug|Any CPU
		{27EA8C1E-FC08-4582-BFB9-B746E680B260}.Release|Any CPU.ActiveCfg = Release|Any CPU
		{27EA8C1E-FC08-4582-BFB9-B746E680B260}.Release|Any CPU.Build.0 = Release|Any CPU
		{27EA8C1E-FC08-4582-BFB9-B746E680B260}.Release|x64.ActiveCfg = Release|Any CPU
		{27EA8C1E-FC08-4582-BFB9-B746E680B260}.Release|x64.Build.0 = Release|Any CPU
		{27EA8C1E-FC08-4582-BFB9-B746E680B260}.Release|x86.ActiveCfg = Release|Any CPU
		{27EA8C1E-FC08-4582-BFB9-B746E680B260}.Release|x86.Build.0 = Release|Any CPU
	EndGlobalSection
	GlobalSection(SolutionProperties) = preSolution
		HideSolutionNode = FALSE
	EndGlobalSection
	GlobalSection(NestedProjects) = preSolution
		{A0001000-0000-0000-0000-000000000001} = {FEED0001-0000-0000-0000-000000000001}
		{A0001000-0000-0000-0000-000000000002} = {FEED0001-0000-0000-0000-000000000001}
		{A0001000-0000-0000-0000-000000000003} = {FEED0001-0000-0000-0000-000000000001}
		{A0001000-0000-0000-0000-000000000004} = {FEED0001-0000-0000-0000-000000000001}
		{A0001000-0000-0000-0000-000000000005} = {FEED0001-0000-0000-0000-000000000001}
		{A0001000-0000-0000-0000-000000000006} = {FEED0001-0000-0000-0000-000000000001}
		{A0001000-0000-0000-0000-000000000007} = {FEED0001-0000-0000-0000-000000000001}
		{A0002000-0000-0000-0000-000000000001} = {FEED0001-0000-0000-0000-000000000002}
		{A0002000-0000-0000-0000-000000000002} = {FEED0001-0000-0000-0000-000000000002}
		{A0002000-0000-0000-0000-000000000003} = {FEED0001-0000-0000-0000-000000000002}
		{A0002000-0000-0000-0000-000000000004} = {FEED0001-0000-0000-0000-000000000002}
		{A0002000-0000-0000-0000-000000000005} = {FEED0001-0000-0000-0000-000000000002}
		{A0002000-0000-0000-0000-000000000006} = {FEED0001-0000-0000-0000-000000000002}
		{A0002000-0000-0000-0000-000000000007} = {FEED0001-0000-0000-0000-000000000002}
		{A0002000-0000-0000-0000-000000000008} = {FEED0001-0000-0000-0000-000000000002}
		{A0001000-0000-0000-0000-000000000008} = {FEED0001-0000-0000-0000-000000000001}
		{A0002000-0000-0000-0000-000000000009} = {FEED0001-0000-0000-0000-000000000002}
		{A0001000-0000-0000-0000-000000000009} = {FEED0001-0000-0000-0000-000000000001}
		{A0002000-0000-0000-0000-00000000000A} = {FEED0001-0000-0000-0000-000000000002}
		{A0001000-0000-0000-0000-00000000000A} = {FEED0001-0000-0000-0000-000000000001}
		{A0002000-0000-0000-0000-00000000000B} = {FEED0001-0000-0000-0000-000000000002}
		{A0001000-0000-0000-0000-00000000000B} = {FEED0001-0000-0000-0000-000000000001}
		{A0002000-0000-0000-0000-00000000000C} = {FEED0001-0000-0000-0000-000000000002}
		{A0003000-0000-0000-0000-00000000000D} = {FEED0001-0000-0000-0000-000000000003}
		{A0002000-0000-0000-0000-00000000000D} = {FEED0001-0000-0000-0000-000000000002}
		{A0001000-0000-0000-0000-00000000000D} = {FEED0001-0000-0000-0000-000000000001}
		{A0001000-0000-0000-0000-00000000000E} = {FEED0001-0000-0000-0000-000000000001}
		{A0002000-0000-0000-0000-000000000010} = {FEED0001-0000-0000-0000-000000000002}
		{A0001000-0000-0000-0000-00000000000F} = {FEED0001-0000-0000-0000-000000000001}
		{A0002000-0000-0000-0000-000000000011} = {FEED0001-0000-0000-0000-000000000002}
		{A0001000-0000-0000-0000-000000000010} = {FEED0001-0000-0000-0000-000000000001}
		{A0002000-0000-0000-0000-000000000012} = {FEED0001-0000-0000-0000-000000000002}
		{A0001000-0000-0000-0000-000000000011} = {FEED0001-0000-0000-0000-000000000001}
		{A0002000-0000-0000-0000-000000000013} = {FEED0001-0000-0000-0000-000000000002}
		{A0001000-0000-0000-0000-000000000012} = {FEED0001-0000-0000-0000-000000000001}
		{A0002000-0000-0000-0000-000000000014} = {FEED0001-0000-0000-0000-000000000002}
		{A0002000-0000-0000-0000-00000000000F} = {FEED0001-0000-0000-0000-000000000002}
		{E568DB27-A3E8-4164-88FA-991FD63EEFEF} = {FEED0001-0000-0000-0000-000000000002}
		{FC9A41CA-3221-4D94-A627-27A0FD248E10} = {FEED0001-0000-0000-0000-000000000001}
		{282F37B4-3938-49DF-B34D-DF40CD423570} = {FEED0001-0000-0000-0000-000000000001}
		{0C78DF1C-DC74-49A5-A350-FC9ECB18599B} = {FEED0001-0000-0000-0000-000000000002}
		{E12CC2B8-6BCF-4128-9E6A-B5580962BC54} = {FEED0001-0000-0000-0000-000000000002}
		{21827305-9461-45C5-88C7-73098C5DD93F} = {FEED0001-0000-0000-0000-000000000001}
		{3787F063-1BEF-4C52-A3AF-C66CFCF18A90} = {FEED0001-0000-0000-0000-000000000002}
		{80D1BD29-DF13-4073-914E-CF4341FC70E6} = {FEED0001-0000-0000-0000-000000000001}
		{263B1925-0525-43BF-9147-E78262637102} = {FEED0001-0000-0000-0000-000000000002}
		{8EA9DFD1-D6E7-4D65-803C-DB66453CD02C} = {FEED0001-0000-0000-0000-000000000001}
		{7A7857DC-1736-44C6-8CC8-F763239168F6} = {FEED0001-0000-0000-0000-000000000001}
		{C157E288-026A-40F3-B786-38068114BE13} = {FEED0001-0000-0000-0000-000000000002}
		{E2A0EC27-B0C1-4653-B620-A09FC265EDB7} = {FEED0001-0000-0000-0000-000000000001}
		{17225A73-1F3B-498C-948B-519337F5C001} = {FEED0001-0000-0000-0000-000000000002}
		{684A65F9-972D-D4D9-DE31-5587C49DACBD} = {5D20AA90-6969-D8BD-9DCD-8634F4692FDA}
		{384251DC-9AD0-4DC4-8AFD-8C5B405667AB} = {684A65F9-972D-D4D9-DE31-5587C49DACBD}
		{75511A26-6130-4DD6-B6F8-A628700BB6D1} = {FEED0001-0000-0000-0000-000000000002}
		{A0536EDB-673F-4BA9-9338-591B9251C9C2} = {FEED0001-0000-0000-0000-000000000002}
		{1096C3A9-5D61-43DD-AB95-075CD2B478CF} = {FEED0001-0000-0000-0000-000000000003}
		{CD2386DD-C59A-45CA-BEE8-CDC58CF2DFDD} = {FEED0001-0000-0000-0000-000000000002}
		{7085395F-3E35-4935-8BEC-A22E34975A46} = {FEED0001-0000-0000-0000-000000000003}
		{64A3DC6D-D98B-460D-9096-303D4856AACD} = {FEED0001-0000-0000-0000-000000000001}
		{0908A96C-2FC0-4F13-8AFB-A4698036E2EB} = {FEED0001-0000-0000-0000-000000000002}
		{7D7D588E-1BF4-49AC-A51E-E6C01C98995E} = {FEED0001-0000-0000-0000-000000000003}
		{03B873A4-2A30-4846-B390-60A197B0E1AD} = {FEED0001-0000-0000-0000-000000000002}
		{4AB8581C-6C43-4A56-87E4-12E8C4E0E38F} = {FEED0001-0000-0000-0000-000000000003}
		{EACF15A5-B098-48ED-9E20-C9C213FE701A} = {FEED0001-0000-0000-0000-000000000002}
		{59E40B82-88DA-422F-8A98-B50B88BE5CA6} = {FEED0001-0000-0000-0000-000000000003}
		{BDE3E1C1-34D5-40A9-8E8D-1A20B97682D8} = {FEED0001-0000-0000-0000-000000000002}
		{E37ACCAA-322C-4B41-A119-1623C762C0D0} = {A73F2606-6D4C-3EEE-1759-0E59DCFEF523}
		{7278AC7F-4F2A-43D4-9074-82D31651D1C7} = {A73F2606-6D4C-3EEE-1759-0E59DCFEF523}
		{741084FD-A6AD-4F28-8980-F1F8889493A1} = {A73F2606-6D4C-3EEE-1759-0E59DCFEF523}
		{8F464A14-1931-46D8-9324-254822EF3089} = {A73F2606-6D4C-3EEE-1759-0E59DCFEF523}
		{D5ADDE66-55CB-482C-8DAE-FC99E8BF80ED} = {A73F2606-6D4C-3EEE-1759-0E59DCFEF523}
		{999FC984-C349-481E-B5E2-8760D57F43D2} = {A73F2606-6D4C-3EEE-1759-0E59DCFEF523}
		{8899245E-8A6E-4619-B3CF-CFEDEC6D86A5} = {FEED0001-0000-0000-0000-000000000003}
		{27EA8C1E-FC08-4582-BFB9-B746E680B260} = {A73F2606-6D4C-3EEE-1759-0E59DCFEF523}
	EndGlobalSection
EndGlobal
